PODS:
  - AppAuth (1.4.0):
    - AppAuth/Core (= 1.4.0)
    - AppAuth/ExternalUserAgent (= 1.4.0)
  - AppAuth/Core (1.4.0)
  - AppAuth/ExternalUserAgent (1.4.0)
  - appcenter-analytics (4.3.0):
    - AppCenter/Analytics (~> 4.0)
    - AppCenterReactNativeShared (~> 4.0)
    - React-Core
  - appcenter-core (4.3.0):
    - AppCenterReactNativeShared (~> 4.0)
    - React-Core
  - appcenter-crashes (4.3.0):
    - AppCenter/Crashes (~> 4.0)
    - AppCenterReactNativeShared (~> 4.0)
    - React-Core
  - AppCenter/Analytics (4.3.0):
    - AppCenter/Core
  - AppCenter/Core (4.3.0)
  - AppCenter/Crashes (4.3.0):
    - AppCenter/Core
  - AppCenterReactNativeShared (4.3.0):
    - AppCenter/Core (= 4.3.0)
  - Base64 (1.1.2)
  - boost (1.76.0)
  - CodePush (7.0.4):
    - Base64 (~> 1.1)
    - JWT (~> 3.0.0-beta.12)
    - React-Core
    - SSZipArchive (~> 2.2.2)
  - DoubleConversion (1.1.6)
  - FBLazyVector (0.66.3)
  - FBReactNativeSpec (0.66.3):
    - RCT-Folly (= 2021.06.28.00-v2)
    - RCTRequired (= 0.66.3)
    - RCTTypeSafety (= 0.66.3)
    - React-Core (= 0.66.3)
    - React-jsi (= 0.66.3)
    - ReactCommon/turbomodule/core (= 0.66.3)
  - Firebase/Auth (8.8.0):
    - Firebase/CoreOnly
    - FirebaseAuth (~> 8.8.0)
  - Firebase/CoreOnly (8.8.0):
    - FirebaseCore (= 8.8.0)
  - FirebaseAuth (8.8.0):
    - FirebaseCore (~> 8.0)
    - GoogleUtilities/AppDelegateSwizzler (~> 7.4)
    - GoogleUtilities/Environment (~> 7.4)
    - GTMSessionFetcher/Core (~> 1.5)
  - FirebaseCore (8.8.0):
    - FirebaseCoreDiagnostics (~> 8.0)
    - GoogleUtilities/Environment (~> 7.4)
    - GoogleUtilities/Logger (~> 7.4)
  - FirebaseCoreDiagnostics (8.10.0):
    - GoogleDataTransport (~> 9.1)
    - GoogleUtilities/Environment (~> 7.6)
    - GoogleUtilities/Logger (~> 7.6)
    - nanopb (~> 2.30908.0)
  - fmt (6.2.1)
  - glog (0.3.5)
  - GoogleDataTransport (9.1.2):
    - GoogleUtilities/Environment (~> 7.2)
    - nanopb (~> 2.30908.0)
    - PromisesObjC (< 3.0, >= 1.2)
  - GoogleSignIn (5.0.2):
    - AppAuth (~> 1.2)
    - GTMAppAuth (~> 1.0)
    - GTMSessionFetcher/Core (~> 1.1)
  - GoogleUtilities/AppDelegateSwizzler (7.6.0):
    - GoogleUtilities/Environment
    - GoogleUtilities/Logger
    - GoogleUtilities/Network
  - GoogleUtilities/Environment (7.6.0):
    - PromisesObjC (< 3.0, >= 1.2)
  - GoogleUtilities/Logger (7.6.0):
    - GoogleUtilities/Environment
  - GoogleUtilities/Network (7.6.0):
    - GoogleUtilities/Logger
    - "GoogleUtilities/NSData+zlib"
    - GoogleUtilities/Reachability
  - "GoogleUtilities/NSData+zlib (7.6.0)"
  - GoogleUtilities/Reachability (7.6.0):
    - GoogleUtilities/Logger
  - GTMAppAuth (1.2.2):
    - AppAuth/Core (~> 1.4)
    - GTMSessionFetcher/Core (~> 1.5)
  - GTMSessionFetcher/Core (1.7.0)
  - JWT (3.0.0-beta.14):
    - Base64 (~> 1.1.2)
  - nanopb (2.30908.0):
    - nanopb/decode (= 2.30908.0)
    - nanopb/encode (= 2.30908.0)
  - nanopb/decode (2.30908.0)
  - nanopb/encode (2.30908.0)
  - Plaid (2.3.1)
  - PromisesObjC (2.0.0)
  - RCT-Folly (2021.06.28.00-v2):
    - boost
    - DoubleConversion
    - fmt (~> 6.2.1)
    - glog
    - RCT-Folly/Default (= 2021.06.28.00-v2)
  - RCT-Folly/Default (2021.06.28.00-v2):
    - boost
    - DoubleConversion
    - fmt (~> 6.2.1)
    - glog
  - RCTRequired (0.66.3)
  - RCTTypeSafety (0.66.3):
    - FBLazyVector (= 0.66.3)
    - RCT-Folly (= 2021.06.28.00-v2)
    - RCTRequired (= 0.66.3)
    - React-Core (= 0.66.3)
  - React (0.66.3):
    - React-Core (= 0.66.3)
    - React-Core/DevSupport (= 0.66.3)
    - React-Core/RCTWebSocket (= 0.66.3)
    - React-RCTActionSheet (= 0.66.3)
    - React-RCTAnimation (= 0.66.3)
    - React-RCTBlob (= 0.66.3)
    - React-RCTImage (= 0.66.3)
    - React-RCTLinking (= 0.66.3)
    - React-RCTNetwork (= 0.66.3)
    - React-RCTSettings (= 0.66.3)
    - React-RCTText (= 0.66.3)
    - React-RCTVibration (= 0.66.3)
  - React-callinvoker (0.66.3)
  - React-Core (0.66.3):
    - glog
    - RCT-Folly (= 2021.06.28.00-v2)
    - React-Core/Default (= 0.66.3)
    - React-cxxreact (= 0.66.3)
    - React-jsi (= 0.66.3)
    - React-jsiexecutor (= 0.66.3)
    - React-perflogger (= 0.66.3)
    - Yoga
  - React-Core/CoreModulesHeaders (0.66.3):
    - glog
    - RCT-Folly (= 2021.06.28.00-v2)
    - React-Core/Default
    - React-cxxreact (= 0.66.3)
    - React-jsi (= 0.66.3)
    - React-jsiexecutor (= 0.66.3)
    - React-perflogger (= 0.66.3)
    - Yoga
  - React-Core/Default (0.66.3):
    - glog
    - RCT-Folly (= 2021.06.28.00-v2)
    - React-cxxreact (= 0.66.3)
    - React-jsi (= 0.66.3)
    - React-jsiexecutor (= 0.66.3)
    - React-perflogger (= 0.66.3)
    - Yoga
  - React-Core/DevSupport (0.66.3):
    - glog
    - RCT-Folly (= 2021.06.28.00-v2)
    - React-Core/Default (= 0.66.3)
    - React-Core/RCTWebSocket (= 0.66.3)
    - React-cxxreact (= 0.66.3)
    - React-jsi (= 0.66.3)
    - React-jsiexecutor (= 0.66.3)
    - React-jsinspector (= 0.66.3)
    - React-perflogger (= 0.66.3)
    - Yoga
  - React-Core/RCTActionSheetHeaders (0.66.3):
    - glog
    - RCT-Folly (= 2021.06.28.00-v2)
    - React-Core/Default
    - React-cxxreact (= 0.66.3)
    - React-jsi (= 0.66.3)
    - React-jsiexecutor (= 0.66.3)
    - React-perflogger (= 0.66.3)
    - Yoga
  - React-Core/RCTAnimationHeaders (0.66.3):
    - glog
    - RCT-Folly (= 2021.06.28.00-v2)
    - React-Core/Default
    - React-cxxreact (= 0.66.3)
    - React-jsi (= 0.66.3)
    - React-jsiexecutor (= 0.66.3)
    - React-perflogger (= 0.66.3)
    - Yoga
  - React-Core/RCTBlobHeaders (0.66.3):
    - glog
    - RCT-Folly (= 2021.06.28.00-v2)
    - React-Core/Default
    - React-cxxreact (= 0.66.3)
    - React-jsi (= 0.66.3)
    - React-jsiexecutor (= 0.66.3)
    - React-perflogger (= 0.66.3)
    - Yoga
  - React-Core/RCTImageHeaders (0.66.3):
    - glog
    - RCT-Folly (= 2021.06.28.00-v2)
    - React-Core/Default
    - React-cxxreact (= 0.66.3)
    - React-jsi (= 0.66.3)
    - React-jsiexecutor (= 0.66.3)
    - React-perflogger (= 0.66.3)
    - Yoga
  - React-Core/RCTLinkingHeaders (0.66.3):
    - glog
    - RCT-Folly (= 2021.06.28.00-v2)
    - React-Core/Default
    - React-cxxreact (= 0.66.3)
    - React-jsi (= 0.66.3)
    - React-jsiexecutor (= 0.66.3)
    - React-perflogger (= 0.66.3)
    - Yoga
  - React-Core/RCTNetworkHeaders (0.66.3):
    - glog
    - RCT-Folly (= 2021.06.28.00-v2)
    - React-Core/Default
    - React-cxxreact (= 0.66.3)
    - React-jsi (= 0.66.3)
    - React-jsiexecutor (= 0.66.3)
    - React-perflogger (= 0.66.3)
    - Yoga
  - React-Core/RCTSettingsHeaders (0.66.3):
    - glog
    - RCT-Folly (= 2021.06.28.00-v2)
    - React-Core/Default
    - React-cxxreact (= 0.66.3)
    - React-jsi (= 0.66.3)
    - React-jsiexecutor (= 0.66.3)
    - React-perflogger (= 0.66.3)
    - Yoga
  - React-Core/RCTTextHeaders (0.66.3):
    - glog
    - RCT-Folly (= 2021.06.28.00-v2)
    - React-Core/Default
    - React-cxxreact (= 0.66.3)
    - React-jsi (= 0.66.3)
    - React-jsiexecutor (= 0.66.3)
    - React-perflogger (= 0.66.3)
    - Yoga
  - React-Core/RCTVibrationHeaders (0.66.3):
    - glog
    - RCT-Folly (= 2021.06.28.00-v2)
    - React-Core/Default
    - React-cxxreact (= 0.66.3)
    - React-jsi (= 0.66.3)
    - React-jsiexecutor (= 0.66.3)
    - React-perflogger (= 0.66.3)
    - Yoga
  - React-Core/RCTWebSocket (0.66.3):
    - glog
    - RCT-Folly (= 2021.06.28.00-v2)
    - React-Core/Default (= 0.66.3)
    - React-cxxreact (= 0.66.3)
    - React-jsi (= 0.66.3)
    - React-jsiexecutor (= 0.66.3)
    - React-perflogger (= 0.66.3)
    - Yoga
  - React-CoreModules (0.66.3):
    - FBReactNativeSpec (= 0.66.3)
    - RCT-Folly (= 2021.06.28.00-v2)
    - RCTTypeSafety (= 0.66.3)
    - React-Core/CoreModulesHeaders (= 0.66.3)
    - React-jsi (= 0.66.3)
    - React-RCTImage (= 0.66.3)
    - ReactCommon/turbomodule/core (= 0.66.3)
  - React-cxxreact (0.66.3):
    - boost (= 1.76.0)
    - DoubleConversion
    - glog
    - RCT-Folly (= 2021.06.28.00-v2)
    - React-callinvoker (= 0.66.3)
    - React-jsi (= 0.66.3)
    - React-jsinspector (= 0.66.3)
    - React-logger (= 0.66.3)
    - React-perflogger (= 0.66.3)
    - React-runtimeexecutor (= 0.66.3)
  - React-jsi (0.66.3):
    - boost (= 1.76.0)
    - DoubleConversion
    - glog
    - RCT-Folly (= 2021.06.28.00-v2)
    - React-jsi/Default (= 0.66.3)
  - React-jsi/Default (0.66.3):
    - boost (= 1.76.0)
    - DoubleConversion
    - glog
    - RCT-Folly (= 2021.06.28.00-v2)
  - React-jsiexecutor (0.66.3):
    - DoubleConversion
    - glog
    - RCT-Folly (= 2021.06.28.00-v2)
    - React-cxxreact (= 0.66.3)
    - React-jsi (= 0.66.3)
    - React-perflogger (= 0.66.3)
  - React-jsinspector (0.66.3)
  - React-logger (0.66.3):
    - glog
  - react-native-plaid-link-sdk (7.2.0):
    - Plaid (~> 2.3.1)
    - React-Core
  - react-native-safe-area-context (3.3.2):
    - React-Core
  - React-perflogger (0.66.3)
  - React-RCTActionSheet (0.66.3):
    - React-Core/RCTActionSheetHeaders (= 0.66.3)
  - React-RCTAnimation (0.66.3):
    - FBReactNativeSpec (= 0.66.3)
    - RCT-Folly (= 2021.06.28.00-v2)
    - RCTTypeSafety (= 0.66.3)
    - React-Core/RCTAnimationHeaders (= 0.66.3)
    - React-jsi (= 0.66.3)
    - ReactCommon/turbomodule/core (= 0.66.3)
  - React-RCTBlob (0.66.3):
    - FBReactNativeSpec (= 0.66.3)
    - RCT-Folly (= 2021.06.28.00-v2)
    - React-Core/RCTBlobHeaders (= 0.66.3)
    - React-Core/RCTWebSocket (= 0.66.3)
    - React-jsi (= 0.66.3)
    - React-RCTNetwork (= 0.66.3)
    - ReactCommon/turbomodule/core (= 0.66.3)
  - React-RCTImage (0.66.3):
    - FBReactNativeSpec (= 0.66.3)
    - RCT-Folly (= 2021.06.28.00-v2)
    - RCTTypeSafety (= 0.66.3)
    - React-Core/RCTImageHeaders (= 0.66.3)
    - React-jsi (= 0.66.3)
    - React-RCTNetwork (= 0.66.3)
    - ReactCommon/turbomodule/core (= 0.66.3)
  - React-RCTLinking (0.66.3):
    - FBReactNativeSpec (= 0.66.3)
    - React-Core/RCTLinkingHeaders (= 0.66.3)
    - React-jsi (= 0.66.3)
    - ReactCommon/turbomodule/core (= 0.66.3)
  - React-RCTNetwork (0.66.3):
    - FBReactNativeSpec (= 0.66.3)
    - RCT-Folly (= 2021.06.28.00-v2)
    - RCTTypeSafety (= 0.66.3)
    - React-Core/RCTNetworkHeaders (= 0.66.3)
    - React-jsi (= 0.66.3)
    - ReactCommon/turbomodule/core (= 0.66.3)
  - React-RCTSettings (0.66.3):
    - FBReactNativeSpec (= 0.66.3)
    - RCT-Folly (= 2021.06.28.00-v2)
    - RCTTypeSafety (= 0.66.3)
    - React-Core/RCTSettingsHeaders (= 0.66.3)
    - React-jsi (= 0.66.3)
    - ReactCommon/turbomodule/core (= 0.66.3)
  - React-RCTText (0.66.3):
    - React-Core/RCTTextHeaders (= 0.66.3)
  - React-RCTVibration (0.66.3):
    - FBReactNativeSpec (= 0.66.3)
    - RCT-Folly (= 2021.06.28.00-v2)
    - React-Core/RCTVibrationHeaders (= 0.66.3)
    - React-jsi (= 0.66.3)
    - ReactCommon/turbomodule/core (= 0.66.3)
  - React-runtimeexecutor (0.66.3):
    - React-jsi (= 0.66.3)
  - ReactCommon/turbomodule/core (0.66.3):
    - DoubleConversion
    - glog
    - RCT-Folly (= 2021.06.28.00-v2)
    - React-callinvoker (= 0.66.3)
    - React-Core (= 0.66.3)
    - React-cxxreact (= 0.66.3)
    - React-jsi (= 0.66.3)
    - React-logger (= 0.66.3)
    - React-perflogger (= 0.66.3)
  - RNAppleAuthentication (2.1.5):
    - React-Core
  - RNCMaskedView (0.1.11):
    - React
  - RNCPushNotificationIOS (1.10.1):
    - React-Core
  - RNDateTimePicker (4.0.1):
    - React-Core
  - RNDeviceInfo (8.4.8):
    - React-Core
  - RNFBApp (12.9.3):
    - Firebase/CoreOnly (= 8.8.0)
    - React-Core
  - RNFBAuth (12.9.3):
    - Firebase/Auth (= 8.8.0)
    - React-Core
    - RNFBApp
  - RNGestureHandler (2.1.0):
    - React-Core
  - RNGoogleSignin (5.0.0):
    - GoogleSignIn (~> 5.0.0)
    - React-Core
  - RNReanimated (2.3.0):
    - DoubleConversion
    - FBLazyVector
    - FBReactNativeSpec
    - glog
    - RCT-Folly
    - RCTRequired
    - RCTTypeSafety
    - React
    - React-callinvoker
    - React-Core
    - React-Core/DevSupport
    - React-Core/RCTWebSocket
    - React-CoreModules
    - React-cxxreact
    - React-jsi
    - React-jsiexecutor
    - React-jsinspector
    - React-RCTActionSheet
    - React-RCTAnimation
    - React-RCTBlob
    - React-RCTImage
    - React-RCTLinking
    - React-RCTNetwork
    - React-RCTSettings
    - React-RCTText
    - ReactCommon/turbomodule/core
    - Yoga
  - RNScreens (3.10.1):
    - React-Core
    - React-RCTImage
  - RNSentry (3.2.6):
    - React-Core
    - Sentry (= 7.5.4)
  - RNSVG (12.1.1):
    - React
  - Sentry (7.5.4):
    - Sentry/Core (= 7.5.4)
  - Sentry/Core (7.5.4)
  - SSZipArchive (2.2.3)
  - Yoga (1.14.0)

DEPENDENCIES:
  - appcenter-analytics (from `../node_modules/appcenter-analytics/ios`)
  - appcenter-core (from `../node_modules/appcenter/ios`)
  - appcenter-crashes (from `../node_modules/appcenter-crashes/ios`)
  - boost (from `../node_modules/react-native/third-party-podspecs/boost.podspec`)
  - CodePush (from `../node_modules/react-native-code-push`)
  - DoubleConversion (from `../node_modules/react-native/third-party-podspecs/DoubleConversion.podspec`)
  - FBLazyVector (from `../node_modules/react-native/Libraries/FBLazyVector`)
  - FBReactNativeSpec (from `../node_modules/react-native/React/FBReactNativeSpec`)
  - glog (from `../node_modules/react-native/third-party-podspecs/glog.podspec`)
  - Plaid (~> 2.3.1)
  - RCT-Folly (from `../node_modules/react-native/third-party-podspecs/RCT-Folly.podspec`)
  - RCTRequired (from `../node_modules/react-native/Libraries/RCTRequired`)
  - RCTTypeSafety (from `../node_modules/react-native/Libraries/TypeSafety`)
  - React (from `../node_modules/react-native/`)
  - React-callinvoker (from `../node_modules/react-native/ReactCommon/callinvoker`)
  - React-Core (from `../node_modules/react-native/`)
  - React-Core/DevSupport (from `../node_modules/react-native/`)
  - React-Core/RCTWebSocket (from `../node_modules/react-native/`)
  - React-CoreModules (from `../node_modules/react-native/React/CoreModules`)
  - React-cxxreact (from `../node_modules/react-native/ReactCommon/cxxreact`)
  - React-jsi (from `../node_modules/react-native/ReactCommon/jsi`)
  - React-jsiexecutor (from `../node_modules/react-native/ReactCommon/jsiexecutor`)
  - React-jsinspector (from `../node_modules/react-native/ReactCommon/jsinspector`)
  - React-logger (from `../node_modules/react-native/ReactCommon/logger`)
  - react-native-plaid-link-sdk (from `../node_modules/react-native-plaid-link-sdk`)
  - react-native-safe-area-context (from `../node_modules/react-native-safe-area-context`)
  - React-perflogger (from `../node_modules/react-native/ReactCommon/reactperflogger`)
  - React-RCTActionSheet (from `../node_modules/react-native/Libraries/ActionSheetIOS`)
  - React-RCTAnimation (from `../node_modules/react-native/Libraries/NativeAnimation`)
  - React-RCTBlob (from `../node_modules/react-native/Libraries/Blob`)
  - React-RCTImage (from `../node_modules/react-native/Libraries/Image`)
  - React-RCTLinking (from `../node_modules/react-native/Libraries/LinkingIOS`)
  - React-RCTNetwork (from `../node_modules/react-native/Libraries/Network`)
  - React-RCTSettings (from `../node_modules/react-native/Libraries/Settings`)
  - React-RCTText (from `../node_modules/react-native/Libraries/Text`)
  - React-RCTVibration (from `../node_modules/react-native/Libraries/Vibration`)
  - React-runtimeexecutor (from `../node_modules/react-native/ReactCommon/runtimeexecutor`)
  - ReactCommon/turbomodule/core (from `../node_modules/react-native/ReactCommon`)
  - "RNAppleAuthentication (from `../node_modules/@invertase/react-native-apple-authentication`)"
  - "RNCMaskedView (from `../node_modules/@react-native-community/masked-view`)"
  - "RNCPushNotificationIOS (from `../node_modules/@react-native-community/push-notification-ios`)"
  - "RNDateTimePicker (from `../node_modules/@react-native-community/datetimepicker`)"
  - RNDeviceInfo (from `../node_modules/react-native-device-info`)
  - "RNFBApp (from `../node_modules/@react-native-firebase/app`)"
  - "RNFBAuth (from `../node_modules/@react-native-firebase/auth`)"
  - RNGestureHandler (from `../node_modules/react-native-gesture-handler`)
  - "RNGoogleSignin (from `../node_modules/@react-native-community/google-signin`)"
  - RNReanimated (from `../node_modules/react-native-reanimated`)
  - RNScreens (from `../node_modules/react-native-screens`)
  - "RNSentry (from `../node_modules/@sentry/react-native`)"
  - RNSVG (from `../node_modules/react-native-svg`)
  - Yoga (from `../node_modules/react-native/ReactCommon/yoga`)

SPEC REPOS:
  trunk:
    - AppAuth
    - AppCenter
    - AppCenterReactNativeShared
    - Base64
    - Firebase
    - FirebaseAuth
    - FirebaseCore
    - FirebaseCoreDiagnostics
    - fmt
    - GoogleDataTransport
    - GoogleSignIn
    - GoogleUtilities
    - GTMAppAuth
    - GTMSessionFetcher
    - JWT
    - nanopb
    - Plaid
    - PromisesObjC
    - Sentry
    - SSZipArchive

EXTERNAL SOURCES:
  appcenter-analytics:
    :path: "../node_modules/appcenter-analytics/ios"
  appcenter-core:
    :path: "../node_modules/appcenter/ios"
  appcenter-crashes:
    :path: "../node_modules/appcenter-crashes/ios"
  boost:
    :podspec: "../node_modules/react-native/third-party-podspecs/boost.podspec"
  CodePush:
    :path: "../node_modules/react-native-code-push"
  DoubleConversion:
    :podspec: "../node_modules/react-native/third-party-podspecs/DoubleConversion.podspec"
  FBLazyVector:
    :path: "../node_modules/react-native/Libraries/FBLazyVector"
  FBReactNativeSpec:
    :path: "../node_modules/react-native/React/FBReactNativeSpec"
  glog:
    :podspec: "../node_modules/react-native/third-party-podspecs/glog.podspec"
  RCT-Folly:
    :podspec: "../node_modules/react-native/third-party-podspecs/RCT-Folly.podspec"
  RCTRequired:
    :path: "../node_modules/react-native/Libraries/RCTRequired"
  RCTTypeSafety:
    :path: "../node_modules/react-native/Libraries/TypeSafety"
  React:
    :path: "../node_modules/react-native/"
  React-callinvoker:
    :path: "../node_modules/react-native/ReactCommon/callinvoker"
  React-Core:
    :path: "../node_modules/react-native/"
  React-CoreModules:
    :path: "../node_modules/react-native/React/CoreModules"
  React-cxxreact:
    :path: "../node_modules/react-native/ReactCommon/cxxreact"
  React-jsi:
    :path: "../node_modules/react-native/ReactCommon/jsi"
  React-jsiexecutor:
    :path: "../node_modules/react-native/ReactCommon/jsiexecutor"
  React-jsinspector:
    :path: "../node_modules/react-native/ReactCommon/jsinspector"
  React-logger:
    :path: "../node_modules/react-native/ReactCommon/logger"
  react-native-plaid-link-sdk:
    :path: "../node_modules/react-native-plaid-link-sdk"
  react-native-safe-area-context:
    :path: "../node_modules/react-native-safe-area-context"
  React-perflogger:
    :path: "../node_modules/react-native/ReactCommon/reactperflogger"
  React-RCTActionSheet:
    :path: "../node_modules/react-native/Libraries/ActionSheetIOS"
  React-RCTAnimation:
    :path: "../node_modules/react-native/Libraries/NativeAnimation"
  React-RCTBlob:
    :path: "../node_modules/react-native/Libraries/Blob"
  React-RCTImage:
    :path: "../node_modules/react-native/Libraries/Image"
  React-RCTLinking:
    :path: "../node_modules/react-native/Libraries/LinkingIOS"
  React-RCTNetwork:
    :path: "../node_modules/react-native/Libraries/Network"
  React-RCTSettings:
    :path: "../node_modules/react-native/Libraries/Settings"
  React-RCTText:
    :path: "../node_modules/react-native/Libraries/Text"
  React-RCTVibration:
    :path: "../node_modules/react-native/Libraries/Vibration"
  React-runtimeexecutor:
    :path: "../node_modules/react-native/ReactCommon/runtimeexecutor"
  ReactCommon:
    :path: "../node_modules/react-native/ReactCommon"
  RNAppleAuthentication:
    :path: "../node_modules/@invertase/react-native-apple-authentication"
  RNCMaskedView:
    :path: "../node_modules/@react-native-community/masked-view"
  RNCPushNotificationIOS:
    :path: "../node_modules/@react-native-community/push-notification-ios"
  RNDateTimePicker:
    :path: "../node_modules/@react-native-community/datetimepicker"
  RNDeviceInfo:
    :path: "../node_modules/react-native-device-info"
  RNFBApp:
    :path: "../node_modules/@react-native-firebase/app"
  RNFBAuth:
    :path: "../node_modules/@react-native-firebase/auth"
  RNGestureHandler:
    :path: "../node_modules/react-native-gesture-handler"
  RNGoogleSignin:
    :path: "../node_modules/@react-native-community/google-signin"
  RNReanimated:
    :path: "../node_modules/react-native-reanimated"
  RNScreens:
    :path: "../node_modules/react-native-screens"
  RNSentry:
    :path: "../node_modules/@sentry/react-native"
  RNSVG:
    :path: "../node_modules/react-native-svg"
  Yoga:
    :path: "../node_modules/react-native/ReactCommon/yoga"

SPEC CHECKSUMS:
  AppAuth: 31bcec809a638d7bd2f86ea8a52bd45f6e81e7c7
  AppCenter: 883369ab78427b0561c688158d689dfe1f993ea9
  appcenter-analytics: 2a8a55d2feba193c3c8a51b9902ef4757386414e
  appcenter-core: 0293b8aeee457a25b44323a311de49c29d9defa7
  appcenter-crashes: ad135405e148a9ed1c8bd169a9d2ea7bbaecd34c
  AppCenterReactNativeShared: a821c7287a296486889ef6339317b701febb0695
  Base64: cecfb41a004124895a7bcee567a89bae5a89d49b
  boost: a7c83b31436843459a1961bfd74b96033dc77234
  CodePush: b51b7ac64c07d4eacfc8cc5750a1dd28adbf2528
  DoubleConversion: 831926d9b8bf8166fd87886c4abab286c2422662
  FBLazyVector: de148e8310b8b878db304ceea2fec13f2c02e3a0
  FBReactNativeSpec: 6192956c9e346013d5f1809ba049af720b11c6a4
  Firebase: 629510f1a9ddb235f3a7c5c8ceb23ba887f0f814
  FirebaseAuth: bcf0adeff88bda5dcb3beeabe5760f1226ab7b2f
  FirebaseCore: 98b29e3828f0a53651c363937a7f7d92a19f1ba2
  FirebaseCoreDiagnostics: 56fb7216d87e0e6ec2feddefa9d8a392fe8b2c18
  fmt: ff9d55029c625d3757ed641535fd4a75fedc7ce9
  glog: 5337263514dd6f09803962437687240c5dc39aa4
  GoogleDataTransport: 629c20a4d363167143f30ea78320d5a7eb8bd940
  GoogleSignIn: 7137d297ddc022a7e0aa4619c86d72c909fa7213
  GoogleUtilities: 684ee790a24f73ebb2d1d966e9711c203f2a4237
  GTMAppAuth: ad5c2b70b9a8689e1a04033c9369c4915bfcbe89
  GTMSessionFetcher: 43748f93435c2aa068b1cbe39655aaf600652e91
  JWT: ef71dfb03e1f842081e64dc42eef0e164f35d251
  nanopb: a0ba3315591a9ae0a16a309ee504766e90db0c96
  Plaid: 370b301a884270b5ab796f7a4bd72e4d1cc8be8b
  PromisesObjC: 68159ce6952d93e17b2dfe273b8c40907db5ba58
  RCT-Folly: a21c126816d8025b547704b777a2ba552f3d9fa9
  RCTRequired: 59d2b744d8c2bf2d9bc7032a9f654809adcf7d50
  RCTTypeSafety: d0aaf7ccae5c70a4aaa3a5c3e9e0db97efae760e
  React: fbe655dd1d12c052299b61abdc576720098d80fc
  React-callinvoker: a535746608d9bc8b1dea7095ed4d8d3d7aae9a05
  React-Core: 008d2638c4f80b189c8e170ff2d241027ec517fd
  React-CoreModules: 91c9a03f4e1b74494c087d9c9a29e89a3145c228
  React-cxxreact: 9c462fb6d59f865855e2dee2097c7d87b3d2de49
  React-jsi: 4de8b8d70ba4ed841eb9b772bdb719f176387e21
  React-jsiexecutor: 433a691aee158533a6a6ee9c86cb4a1684fa2853
  React-jsinspector: d9c8eb0b53f0da206fed56612b289fec84991157
  React-logger: e522e76fa3e9ec3e7d7115b49485cc065cf4ae06
  react-native-plaid-link-sdk: 6ce5b2453b6a09ba3e975975c6a3fc7013a064fe
  react-native-safe-area-context: 584dc04881deb49474363f3be89e4ca0e854c057
  React-perflogger: 73732888d37d4f5065198727b167846743232882
  React-RCTActionSheet: 96c6d774fa89b1f7c59fc460adc3245ba2d7fd79
  React-RCTAnimation: 8940cfd3a8640bd6f6372150dbdb83a79bcbae6c
  React-RCTBlob: e80de5fdf952a4f226a00fc54f3db526809f92f7
  React-RCTImage: f990d6b272c7e89ff864caf0bccfb620ab3ca5d0
  React-RCTLinking: 2280ed0d5ffb78954b484b90228d597b5f941c5f
  React-RCTNetwork: 1359fa853c216616e711b810dcb8682a6a8e7564
  React-RCTSettings: 84958860aaa3639f0249e751ea7702c62eb67188
  React-RCTText: 196cf06b8cb6229d8c6dd9fc9057bdf97db5d3fb
  React-RCTVibration: 50cfe7049167cfc7e83ac5542c6fff0c76791a9b
  React-runtimeexecutor: bbbdb3d8fcf327c6e2249ee71b6ef1764b7dc266
  ReactCommon: 9bac022ab71596f2b0fde1268272543184c63971
  RNAppleAuthentication: 63c2127ace11985b94f852fc480eb84145653712
  RNCMaskedView: 0e1bc4bfa8365eba5fbbb71e07fbdc0555249489
  RNCPushNotificationIOS: 87b8d16d3ede4532745e05b03c42cff33a36cc45
  RNDateTimePicker: a654a0ebfa3dd78bbe5389421aa2d3d5b2744e47
  RNDeviceInfo: 0400a6d0c94186d1120c3cbd97b23abc022187a9
  RNFBApp: 729c0666395b1953198dc4a1ec6deb8fbe1c302e
  RNFBAuth: 7718be1152f5d1d0bb970a8d33094d010f1ac21c
  RNGestureHandler: e5c7cab5f214503dcefd6b2b0cefb050e1f51c4a
  RNGoogleSignin: ad866d4c4af2651e36801dd3b7771d7715353499
  RNReanimated: 569c269480a76e39196aa17a5df08ef1561db5ff
  RNScreens: 522705f2e5c9d27efb17f24aceb2bf8335bc7b8e
  RNSentry: 013532c90dc3947b14cd032a0df8a3a19bcf43bc
  RNSVG: 551acb6562324b1d52a4e0758f7ca0ec234e278f
  Sentry: 5c5dd4005f3b7b9765d5a8871232cddbd0d888b7
  SSZipArchive: 62d4947b08730e4cda640473b0066d209ff033c9
  Yoga: 32a18c0e845e185f4a2a66ec76e1fd1f958f22fa

PODFILE CHECKSUM: 37d7ad4bf5dd7bc9be76a4c6575bcdd0a04fc711

COCOAPODS: 1.11.2
