PODS:
  - AppAuth (1.4.0):
    - AppAuth/Core (= 1.4.0)
    - AppAuth/ExternalUserAgent (= 1.4.0)
  - AppAuth/Core (1.4.0)
  - AppAuth/ExternalUserAgent (1.4.0)
  - boost-for-react-native (1.63.0)
  - DoubleConversion (1.1.6)
  - EXConstants (10.1.0):
    - UMConstantsInterface
    - UMCore
  - EXErrorRecovery (1.3.0):
    - UMCore
  - EXFileSystem (11.0.0):
    - UMCore
    - UMFileSystemInterface
  - EXFont (8.3.0):
    - UMCore
    - UMFontInterface
  - EXImageLoader (2.1.0):
    - React-Core
    - UMCore
    - UMImageLoaderInterface
  - EXKeepAwake (8.3.0):
    - UMCore
  - EXLinearGradient (8.3.1):
    - UMCore
  - EXLocation (9.0.1):
    - UMCore
    - UMPermissionsInterface
    - UMTaskManagerInterface
  - EXPermissions (12.0.0):
    - UMCore
    - UMPermissionsInterface
  - EXSplashScreen (0.10.0):
    - React-Core
    - UMCore
  - EXSQLite (8.4.0):
    - UMCore
    - UMFileSystemInterface
  - EXUpdates (0.4.2):
    - React-Core
    - UMCore
  - FBLazyVector (0.64.0)
  - FBReactNativeSpec (0.64.0):
    - RCT-Folly (= 2020.01.13.00)
    - RCTRequired (= 0.64.0)
    - RCTTypeSafety (= 0.64.0)
    - React-Core (= 0.64.0)
    - React-jsi (= 0.64.0)
    - ReactCommon/turbomodule/core (= 0.64.0)
  - Firebase/Auth (7.6.0):
    - Firebase/CoreOnly
    - FirebaseAuth (~> 7.6.0)
  - Firebase/CoreOnly (7.6.0):
    - FirebaseCore (= 7.6.0)
  - FirebaseAuth (7.6.0):
    - FirebaseCore (~> 7.0)
    - GoogleUtilities/AppDelegateSwizzler (~> 7.0)
    - GoogleUtilities/Environment (~> 7.0)
    - GTMSessionFetcher/Core (~> 1.4)
  - FirebaseCore (7.6.0):
    - FirebaseCoreDiagnostics (~> 7.4)
    - GoogleUtilities/Environment (~> 7.0)
    - GoogleUtilities/Logger (~> 7.0)
  - FirebaseCoreDiagnostics (7.9.0):
    - GoogleDataTransport (~> 8.0)
    - GoogleUtilities/Environment (~> 7.0)
    - GoogleUtilities/Logger (~> 7.0)
    - nanopb (~> 2.30907.0)
  - glog (0.3.5)
  - GoogleDataTransport (8.3.0):
    - GoogleUtilities/Environment (~> 7.2)
    - nanopb (~> 2.30907.0)
    - PromisesObjC (~> 1.2)
  - GoogleSignIn (5.0.2):
    - AppAuth (~> 1.2)
    - GTMAppAuth (~> 1.0)
    - GTMSessionFetcher/Core (~> 1.1)
  - GoogleUtilities/AppDelegateSwizzler (7.3.1):
    - GoogleUtilities/Environment
    - GoogleUtilities/Logger
    - GoogleUtilities/Network
  - GoogleUtilities/Environment (7.3.1):
    - PromisesObjC (~> 1.2)
  - GoogleUtilities/Logger (7.3.1):
    - GoogleUtilities/Environment
  - GoogleUtilities/Network (7.3.1):
    - GoogleUtilities/Logger
    - "GoogleUtilities/NSData+zlib"
    - GoogleUtilities/Reachability
  - "GoogleUtilities/NSData+zlib (7.3.1)"
  - GoogleUtilities/Reachability (7.3.1):
    - GoogleUtilities/Logger
  - GTMAppAuth (1.1.0):
    - AppAuth/Core (~> 1.4)
    - GTMSessionFetcher (~> 1.4)
  - GTMSessionFetcher (1.5.0):
    - GTMSessionFetcher/Full (= 1.5.0)
  - GTMSessionFetcher/Core (1.5.0)
  - GTMSessionFetcher/Full (1.5.0):
    - GTMSessionFetcher/Core (= 1.5.0)
  - nanopb (2.30907.0):
    - nanopb/decode (= 2.30907.0)
    - nanopb/encode (= 2.30907.0)
  - nanopb/decode (2.30907.0)
  - nanopb/encode (2.30907.0)
  - Plaid (2.1.0)
  - PromisesObjC (1.2.12)
  - RCT-Folly (2020.01.13.00):
    - boost-for-react-native
    - DoubleConversion
    - glog
    - RCT-Folly/Default (= 2020.01.13.00)
  - RCT-Folly/Default (2020.01.13.00):
    - boost-for-react-native
    - DoubleConversion
    - glog
  - RCTRequired (0.64.0)
  - RCTTypeSafety (0.64.0):
    - FBLazyVector (= 0.64.0)
    - RCT-Folly (= 2020.01.13.00)
    - RCTRequired (= 0.64.0)
    - React-Core (= 0.64.0)
  - React (0.64.0):
    - React-Core (= 0.64.0)
    - React-Core/DevSupport (= 0.64.0)
    - React-Core/RCTWebSocket (= 0.64.0)
    - React-RCTActionSheet (= 0.64.0)
    - React-RCTAnimation (= 0.64.0)
    - React-RCTBlob (= 0.64.0)
    - React-RCTImage (= 0.64.0)
    - React-RCTLinking (= 0.64.0)
    - React-RCTNetwork (= 0.64.0)
    - React-RCTSettings (= 0.64.0)
    - React-RCTText (= 0.64.0)
    - React-RCTVibration (= 0.64.0)
  - React-callinvoker (0.64.0)
  - React-Core (0.64.0):
    - glog
    - RCT-Folly (= 2020.01.13.00)
    - React-Core/Default (= 0.64.0)
    - React-cxxreact (= 0.64.0)
    - React-jsi (= 0.64.0)
    - React-jsiexecutor (= 0.64.0)
    - React-perflogger (= 0.64.0)
    - Yoga
  - React-Core/CoreModulesHeaders (0.64.0):
    - glog
    - RCT-Folly (= 2020.01.13.00)
    - React-Core/Default
    - React-cxxreact (= 0.64.0)
    - React-jsi (= 0.64.0)
    - React-jsiexecutor (= 0.64.0)
    - React-perflogger (= 0.64.0)
    - Yoga
  - React-Core/Default (0.64.0):
    - glog
    - RCT-Folly (= 2020.01.13.00)
    - React-cxxreact (= 0.64.0)
    - React-jsi (= 0.64.0)
    - React-jsiexecutor (= 0.64.0)
    - React-perflogger (= 0.64.0)
    - Yoga
  - React-Core/DevSupport (0.64.0):
    - glog
    - RCT-Folly (= 2020.01.13.00)
    - React-Core/Default (= 0.64.0)
    - React-Core/RCTWebSocket (= 0.64.0)
    - React-cxxreact (= 0.64.0)
    - React-jsi (= 0.64.0)
    - React-jsiexecutor (= 0.64.0)
    - React-jsinspector (= 0.64.0)
    - React-perflogger (= 0.64.0)
    - Yoga
  - React-Core/RCTActionSheetHeaders (0.64.0):
    - glog
    - RCT-Folly (= 2020.01.13.00)
    - React-Core/Default
    - React-cxxreact (= 0.64.0)
    - React-jsi (= 0.64.0)
    - React-jsiexecutor (= 0.64.0)
    - React-perflogger (= 0.64.0)
    - Yoga
  - React-Core/RCTAnimationHeaders (0.64.0):
    - glog
    - RCT-Folly (= 2020.01.13.00)
    - React-Core/Default
    - React-cxxreact (= 0.64.0)
    - React-jsi (= 0.64.0)
    - React-jsiexecutor (= 0.64.0)
    - React-perflogger (= 0.64.0)
    - Yoga
  - React-Core/RCTBlobHeaders (0.64.0):
    - glog
    - RCT-Folly (= 2020.01.13.00)
    - React-Core/Default
    - React-cxxreact (= 0.64.0)
    - React-jsi (= 0.64.0)
    - React-jsiexecutor (= 0.64.0)
    - React-perflogger (= 0.64.0)
    - Yoga
  - React-Core/RCTImageHeaders (0.64.0):
    - glog
    - RCT-Folly (= 2020.01.13.00)
    - React-Core/Default
    - React-cxxreact (= 0.64.0)
    - React-jsi (= 0.64.0)
    - React-jsiexecutor (= 0.64.0)
    - React-perflogger (= 0.64.0)
    - Yoga
  - React-Core/RCTLinkingHeaders (0.64.0):
    - glog
    - RCT-Folly (= 2020.01.13.00)
    - React-Core/Default
    - React-cxxreact (= 0.64.0)
    - React-jsi (= 0.64.0)
    - React-jsiexecutor (= 0.64.0)
    - React-perflogger (= 0.64.0)
    - Yoga
  - React-Core/RCTNetworkHeaders (0.64.0):
    - glog
    - RCT-Folly (= 2020.01.13.00)
    - React-Core/Default
    - React-cxxreact (= 0.64.0)
    - React-jsi (= 0.64.0)
    - React-jsiexecutor (= 0.64.0)
    - React-perflogger (= 0.64.0)
    - Yoga
  - React-Core/RCTSettingsHeaders (0.64.0):
    - glog
    - RCT-Folly (= 2020.01.13.00)
    - React-Core/Default
    - React-cxxreact (= 0.64.0)
    - React-jsi (= 0.64.0)
    - React-jsiexecutor (= 0.64.0)
    - React-perflogger (= 0.64.0)
    - Yoga
  - React-Core/RCTTextHeaders (0.64.0):
    - glog
    - RCT-Folly (= 2020.01.13.00)
    - React-Core/Default
    - React-cxxreact (= 0.64.0)
    - React-jsi (= 0.64.0)
    - React-jsiexecutor (= 0.64.0)
    - React-perflogger (= 0.64.0)
    - Yoga
  - React-Core/RCTVibrationHeaders (0.64.0):
    - glog
    - RCT-Folly (= 2020.01.13.00)
    - React-Core/Default
    - React-cxxreact (= 0.64.0)
    - React-jsi (= 0.64.0)
    - React-jsiexecutor (= 0.64.0)
    - React-perflogger (= 0.64.0)
    - Yoga
  - React-Core/RCTWebSocket (0.64.0):
    - glog
    - RCT-Folly (= 2020.01.13.00)
    - React-Core/Default (= 0.64.0)
    - React-cxxreact (= 0.64.0)
    - React-jsi (= 0.64.0)
    - React-jsiexecutor (= 0.64.0)
    - React-perflogger (= 0.64.0)
    - Yoga
  - React-CoreModules (0.64.0):
    - FBReactNativeSpec (= 0.64.0)
    - RCT-Folly (= 2020.01.13.00)
    - RCTTypeSafety (= 0.64.0)
    - React-Core/CoreModulesHeaders (= 0.64.0)
    - React-jsi (= 0.64.0)
    - React-RCTImage (= 0.64.0)
    - ReactCommon/turbomodule/core (= 0.64.0)
  - React-cxxreact (0.64.0):
    - boost-for-react-native (= 1.63.0)
    - DoubleConversion
    - glog
    - RCT-Folly (= 2020.01.13.00)
    - React-callinvoker (= 0.64.0)
    - React-jsi (= 0.64.0)
    - React-jsinspector (= 0.64.0)
    - React-perflogger (= 0.64.0)
    - React-runtimeexecutor (= 0.64.0)
  - React-jsi (0.64.0):
    - boost-for-react-native (= 1.63.0)
    - DoubleConversion
    - glog
    - RCT-Folly (= 2020.01.13.00)
    - React-jsi/Default (= 0.64.0)
  - React-jsi/Default (0.64.0):
    - boost-for-react-native (= 1.63.0)
    - DoubleConversion
    - glog
    - RCT-Folly (= 2020.01.13.00)
  - React-jsiexecutor (0.64.0):
    - DoubleConversion
    - glog
    - RCT-Folly (= 2020.01.13.00)
    - React-cxxreact (= 0.64.0)
    - React-jsi (= 0.64.0)
    - React-perflogger (= 0.64.0)
  - React-jsinspector (0.64.0)
  - react-native-appearance (0.3.4):
    - React
  - react-native-plaid-link-sdk (7.0.1):
    - Plaid (~> 2.1.0)
    - React-Core
  - react-native-safe-area-context (3.2.0):
    - React-Core
  - React-perflogger (0.64.0)
  - React-RCTActionSheet (0.64.0):
    - React-Core/RCTActionSheetHeaders (= 0.64.0)
  - React-RCTAnimation (0.64.0):
    - FBReactNativeSpec (= 0.64.0)
    - RCT-Folly (= 2020.01.13.00)
    - RCTTypeSafety (= 0.64.0)
    - React-Core/RCTAnimationHeaders (= 0.64.0)
    - React-jsi (= 0.64.0)
    - ReactCommon/turbomodule/core (= 0.64.0)
  - React-RCTBlob (0.64.0):
    - FBReactNativeSpec (= 0.64.0)
    - RCT-Folly (= 2020.01.13.00)
    - React-Core/RCTBlobHeaders (= 0.64.0)
    - React-Core/RCTWebSocket (= 0.64.0)
    - React-jsi (= 0.64.0)
    - React-RCTNetwork (= 0.64.0)
    - ReactCommon/turbomodule/core (= 0.64.0)
  - React-RCTImage (0.64.0):
    - FBReactNativeSpec (= 0.64.0)
    - RCT-Folly (= 2020.01.13.00)
    - RCTTypeSafety (= 0.64.0)
    - React-Core/RCTImageHeaders (= 0.64.0)
    - React-jsi (= 0.64.0)
    - React-RCTNetwork (= 0.64.0)
    - ReactCommon/turbomodule/core (= 0.64.0)
  - React-RCTLinking (0.64.0):
    - FBReactNativeSpec (= 0.64.0)
    - React-Core/RCTLinkingHeaders (= 0.64.0)
    - React-jsi (= 0.64.0)
    - ReactCommon/turbomodule/core (= 0.64.0)
  - React-RCTNetwork (0.64.0):
    - FBReactNativeSpec (= 0.64.0)
    - RCT-Folly (= 2020.01.13.00)
    - RCTTypeSafety (= 0.64.0)
    - React-Core/RCTNetworkHeaders (= 0.64.0)
    - React-jsi (= 0.64.0)
    - ReactCommon/turbomodule/core (= 0.64.0)
  - React-RCTSettings (0.64.0):
    - FBReactNativeSpec (= 0.64.0)
    - RCT-Folly (= 2020.01.13.00)
    - RCTTypeSafety (= 0.64.0)
    - React-Core/RCTSettingsHeaders (= 0.64.0)
    - React-jsi (= 0.64.0)
    - ReactCommon/turbomodule/core (= 0.64.0)
  - React-RCTText (0.64.0):
    - React-Core/RCTTextHeaders (= 0.64.0)
  - React-RCTVibration (0.64.0):
    - FBReactNativeSpec (= 0.64.0)
    - RCT-Folly (= 2020.01.13.00)
    - React-Core/RCTVibrationHeaders (= 0.64.0)
    - React-jsi (= 0.64.0)
    - ReactCommon/turbomodule/core (= 0.64.0)
  - React-runtimeexecutor (0.64.0):
    - React-jsi (= 0.64.0)
  - ReactCommon/turbomodule/core (0.64.0):
    - DoubleConversion
    - glog
    - RCT-Folly (= 2020.01.13.00)
    - React-callinvoker (= 0.64.0)
    - React-Core (= 0.64.0)
    - React-cxxreact (= 0.64.0)
    - React-jsi (= 0.64.0)
    - React-perflogger (= 0.64.0)
  - RNAppleAuthentication (2.1.1):
    - React-Core
  - RNCMaskedView (0.1.10):
    - React
  - RNCPushNotificationIOS (1.8.0):
    - React-Core
  - RNDateTimePicker (3.4.0):
    - React-Core
  - RNFBApp (10.8.1):
    - Firebase/CoreOnly (~> 7.6.0)
    - React-Core
  - RNFBAuth (10.8.1):
    - Firebase/Auth (~> 7.6.0)
    - React-Core
    - RNFBApp
  - RNGestureHandler (1.10.3):
    - React-Core
  - RNGoogleSignin (5.0.0):
    - GoogleSignIn (~> 5.0.0)
    - React-Core
  - RNReanimated (1.13.2):
    - React-Core
  - RNScreens (2.18.1):
    - React-Core
  - UMAppLoader (2.1.0)
  - UMBarCodeScannerInterface (6.1.0):
    - UMCore
  - UMCameraInterface (6.1.0):
    - UMCore
  - UMConstantsInterface (6.1.0):
    - UMCore
  - UMCore (7.1.0)
  - UMFaceDetectorInterface (6.1.0)
  - UMFileSystemInterface (6.1.0)
  - UMFontInterface (6.1.0)
  - UMImageLoaderInterface (6.1.0)
  - UMPermissionsInterface (6.1.0):
    - UMCore
  - UMReactNativeAdapter (6.2.0):
    - React-Core
    - UMCore
    - UMFontInterface
  - UMSensorsInterface (6.1.0):
    - UMCore
  - UMTaskManagerInterface (6.1.0):
    - UMCore
  - Yoga (1.14.0)

DEPENDENCIES:
  - DoubleConversion (from `../node_modules/react-native/third-party-podspecs/DoubleConversion.podspec`)
  - EXConstants (from `../node_modules/react-native-unimodules/node_modules/expo-constants/ios`)
  - EXErrorRecovery (from `../node_modules/expo-error-recovery/ios`)
  - EXFileSystem (from `../node_modules/react-native-unimodules/node_modules/expo-file-system/ios`)
  - EXFont (from `../node_modules/expo-font/ios`)
  - EXImageLoader (from `../node_modules/expo-image-loader/ios`)
  - EXKeepAwake (from `../node_modules/expo-keep-awake/ios`)
  - EXLinearGradient (from `../node_modules/expo-linear-gradient/ios`)
  - EXLocation (from `../node_modules/expo-location/ios`)
  - EXPermissions (from `../node_modules/react-native-unimodules/node_modules/expo-permissions/ios`)
  - EXSplashScreen (from `../node_modules/expo-splash-screen/ios`)
  - EXSQLite (from `../node_modules/expo-sqlite/ios`)
  - EXUpdates (from `../node_modules/expo-updates/ios`)
  - FBLazyVector (from `../node_modules/react-native/Libraries/FBLazyVector`)
  - FBReactNativeSpec (from `../node_modules/react-native/React/FBReactNativeSpec`)
  - Firebase/Auth
  - glog (from `../node_modules/react-native/third-party-podspecs/glog.podspec`)
  - Plaid (~> 2.1.0)
  - RCT-Folly (from `../node_modules/react-native/third-party-podspecs/RCT-Folly.podspec`)
  - RCTRequired (from `../node_modules/react-native/Libraries/RCTRequired`)
  - RCTTypeSafety (from `../node_modules/react-native/Libraries/TypeSafety`)
  - React (from `../node_modules/react-native/`)
  - React-callinvoker (from `../node_modules/react-native/ReactCommon/callinvoker`)
  - React-Core (from `../node_modules/react-native/`)
  - React-Core/DevSupport (from `../node_modules/react-native/`)
  - React-Core/RCTWebSocket (from `../node_modules/react-native/`)
  - React-CoreModules (from `../node_modules/react-native/React/CoreModules`)
  - React-cxxreact (from `../node_modules/react-native/ReactCommon/cxxreact`)
  - React-jsi (from `../node_modules/react-native/ReactCommon/jsi`)
  - React-jsiexecutor (from `../node_modules/react-native/ReactCommon/jsiexecutor`)
  - React-jsinspector (from `../node_modules/react-native/ReactCommon/jsinspector`)
  - react-native-appearance (from `../node_modules/react-native-appearance`)
  - react-native-plaid-link-sdk (from `../node_modules/react-native-plaid-link-sdk`)
  - react-native-safe-area-context (from `../node_modules/react-native-safe-area-context`)
  - React-perflogger (from `../node_modules/react-native/ReactCommon/reactperflogger`)
  - React-RCTActionSheet (from `../node_modules/react-native/Libraries/ActionSheetIOS`)
  - React-RCTAnimation (from `../node_modules/react-native/Libraries/NativeAnimation`)
  - React-RCTBlob (from `../node_modules/react-native/Libraries/Blob`)
  - React-RCTImage (from `../node_modules/react-native/Libraries/Image`)
  - React-RCTLinking (from `../node_modules/react-native/Libraries/LinkingIOS`)
  - React-RCTNetwork (from `../node_modules/react-native/Libraries/Network`)
  - React-RCTSettings (from `../node_modules/react-native/Libraries/Settings`)
  - React-RCTText (from `../node_modules/react-native/Libraries/Text`)
  - React-RCTVibration (from `../node_modules/react-native/Libraries/Vibration`)
  - React-runtimeexecutor (from `../node_modules/react-native/ReactCommon/runtimeexecutor`)
  - ReactCommon/turbomodule/core (from `../node_modules/react-native/ReactCommon`)
  - "RNAppleAuthentication (from `../node_modules/@invertase/react-native-apple-authentication`)"
  - "RNCMaskedView (from `../node_modules/@react-native-community/masked-view`)"
  - "RNCPushNotificationIOS (from `../node_modules/@react-native-community/push-notification-ios`)"
  - "RNDateTimePicker (from `../node_modules/@react-native-community/datetimepicker`)"
  - "RNFBApp (from `../node_modules/@react-native-firebase/app`)"
  - "RNFBAuth (from `../node_modules/@react-native-firebase/auth`)"
  - RNGestureHandler (from `../node_modules/react-native-gesture-handler`)
  - "RNGoogleSignin (from `../node_modules/@react-native-community/google-signin`)"
  - RNReanimated (from `../node_modules/react-native-reanimated`)
  - RNScreens (from `../node_modules/react-native-screens`)
  - UMAppLoader (from `../node_modules/react-native-unimodules/node_modules/unimodules-app-loader/ios`)
  - UMBarCodeScannerInterface (from `../node_modules/react-native-unimodules/node_modules/unimodules-barcode-scanner-interface/ios`)
  - UMCameraInterface (from `../node_modules/react-native-unimodules/node_modules/unimodules-camera-interface/ios`)
  - UMConstantsInterface (from `../node_modules/react-native-unimodules/node_modules/unimodules-constants-interface/ios`)
  - "UMCore (from `../node_modules/@unimodules/core/ios`)"
  - UMFaceDetectorInterface (from `../node_modules/react-native-unimodules/node_modules/unimodules-face-detector-interface/ios`)
  - UMFileSystemInterface (from `../node_modules/react-native-unimodules/node_modules/unimodules-file-system-interface/ios`)
  - UMFontInterface (from `../node_modules/react-native-unimodules/node_modules/unimodules-font-interface/ios`)
  - UMImageLoaderInterface (from `../node_modules/react-native-unimodules/node_modules/unimodules-image-loader-interface/ios`)
  - UMPermissionsInterface (from `../node_modules/react-native-unimodules/node_modules/unimodules-permissions-interface/ios`)
  - "UMReactNativeAdapter (from `../node_modules/react-native-unimodules/node_modules/@unimodules/react-native-adapter/ios`)"
  - UMSensorsInterface (from `../node_modules/react-native-unimodules/node_modules/unimodules-sensors-interface/ios`)
  - UMTaskManagerInterface (from `../node_modules/react-native-unimodules/node_modules/unimodules-task-manager-interface/ios`)
  - Yoga (from `../node_modules/react-native/ReactCommon/yoga`)

SPEC REPOS:
  trunk:
    - AppAuth
    - boost-for-react-native
    - Firebase
    - FirebaseAuth
    - FirebaseCore
    - FirebaseCoreDiagnostics
    - GoogleDataTransport
    - GoogleSignIn
    - GoogleUtilities
    - GTMAppAuth
    - GTMSessionFetcher
    - nanopb
    - Plaid
    - PromisesObjC

EXTERNAL SOURCES:
  DoubleConversion:
    :podspec: "../node_modules/react-native/third-party-podspecs/DoubleConversion.podspec"
  EXConstants:
    :path: "../node_modules/react-native-unimodules/node_modules/expo-constants/ios"
  EXErrorRecovery:
    :path: "../node_modules/expo-error-recovery/ios"
  EXFileSystem:
    :path: "../node_modules/react-native-unimodules/node_modules/expo-file-system/ios"
  EXFont:
    :path: "../node_modules/expo-font/ios"
  EXImageLoader:
    :path: "../node_modules/expo-image-loader/ios"
  EXKeepAwake:
    :path: "../node_modules/expo-keep-awake/ios"
  EXLinearGradient:
    :path: "../node_modules/expo-linear-gradient/ios"
  EXLocation:
    :path: "../node_modules/expo-location/ios"
  EXPermissions:
    :path: "../node_modules/react-native-unimodules/node_modules/expo-permissions/ios"
  EXSplashScreen:
    :path: "../node_modules/expo-splash-screen/ios"
  EXSQLite:
    :path: "../node_modules/expo-sqlite/ios"
  EXUpdates:
    :path: "../node_modules/expo-updates/ios"
  FBLazyVector:
    :path: "../node_modules/react-native/Libraries/FBLazyVector"
  FBReactNativeSpec:
    :path: "../node_modules/react-native/React/FBReactNativeSpec"
  glog:
    :podspec: "../node_modules/react-native/third-party-podspecs/glog.podspec"
  RCT-Folly:
    :podspec: "../node_modules/react-native/third-party-podspecs/RCT-Folly.podspec"
  RCTRequired:
    :path: "../node_modules/react-native/Libraries/RCTRequired"
  RCTTypeSafety:
    :path: "../node_modules/react-native/Libraries/TypeSafety"
  React:
    :path: "../node_modules/react-native/"
  React-callinvoker:
    :path: "../node_modules/react-native/ReactCommon/callinvoker"
  React-Core:
    :path: "../node_modules/react-native/"
  React-CoreModules:
    :path: "../node_modules/react-native/React/CoreModules"
  React-cxxreact:
    :path: "../node_modules/react-native/ReactCommon/cxxreact"
  React-jsi:
    :path: "../node_modules/react-native/ReactCommon/jsi"
  React-jsiexecutor:
    :path: "../node_modules/react-native/ReactCommon/jsiexecutor"
  React-jsinspector:
    :path: "../node_modules/react-native/ReactCommon/jsinspector"
  react-native-appearance:
    :path: "../node_modules/react-native-appearance"
  react-native-plaid-link-sdk:
    :path: "../node_modules/react-native-plaid-link-sdk"
  react-native-safe-area-context:
    :path: "../node_modules/react-native-safe-area-context"
  React-perflogger:
    :path: "../node_modules/react-native/ReactCommon/reactperflogger"
  React-RCTActionSheet:
    :path: "../node_modules/react-native/Libraries/ActionSheetIOS"
  React-RCTAnimation:
    :path: "../node_modules/react-native/Libraries/NativeAnimation"
  React-RCTBlob:
    :path: "../node_modules/react-native/Libraries/Blob"
  React-RCTImage:
    :path: "../node_modules/react-native/Libraries/Image"
  React-RCTLinking:
    :path: "../node_modules/react-native/Libraries/LinkingIOS"
  React-RCTNetwork:
    :path: "../node_modules/react-native/Libraries/Network"
  React-RCTSettings:
    :path: "../node_modules/react-native/Libraries/Settings"
  React-RCTText:
    :path: "../node_modules/react-native/Libraries/Text"
  React-RCTVibration:
    :path: "../node_modules/react-native/Libraries/Vibration"
  React-runtimeexecutor:
    :path: "../node_modules/react-native/ReactCommon/runtimeexecutor"
  ReactCommon:
    :path: "../node_modules/react-native/ReactCommon"
  RNAppleAuthentication:
    :path: "../node_modules/@invertase/react-native-apple-authentication"
  RNCMaskedView:
    :path: "../node_modules/@react-native-community/masked-view"
  RNCPushNotificationIOS:
    :path: "../node_modules/@react-native-community/push-notification-ios"
  RNDateTimePicker:
    :path: "../node_modules/@react-native-community/datetimepicker"
  RNFBApp:
    :path: "../node_modules/@react-native-firebase/app"
  RNFBAuth:
    :path: "../node_modules/@react-native-firebase/auth"
  RNGestureHandler:
    :path: "../node_modules/react-native-gesture-handler"
  RNGoogleSignin:
    :path: "../node_modules/@react-native-community/google-signin"
  RNReanimated:
    :path: "../node_modules/react-native-reanimated"
  RNScreens:
    :path: "../node_modules/react-native-screens"
  UMAppLoader:
    :path: "../node_modules/react-native-unimodules/node_modules/unimodules-app-loader/ios"
  UMBarCodeScannerInterface:
    :path: "../node_modules/react-native-unimodules/node_modules/unimodules-barcode-scanner-interface/ios"
  UMCameraInterface:
    :path: "../node_modules/react-native-unimodules/node_modules/unimodules-camera-interface/ios"
  UMConstantsInterface:
    :path: "../node_modules/react-native-unimodules/node_modules/unimodules-constants-interface/ios"
  UMCore:
    :path: "../node_modules/@unimodules/core/ios"
  UMFaceDetectorInterface:
    :path: "../node_modules/react-native-unimodules/node_modules/unimodules-face-detector-interface/ios"
  UMFileSystemInterface:
    :path: "../node_modules/react-native-unimodules/node_modules/unimodules-file-system-interface/ios"
  UMFontInterface:
    :path: "../node_modules/react-native-unimodules/node_modules/unimodules-font-interface/ios"
  UMImageLoaderInterface:
    :path: "../node_modules/react-native-unimodules/node_modules/unimodules-image-loader-interface/ios"
  UMPermissionsInterface:
    :path: "../node_modules/react-native-unimodules/node_modules/unimodules-permissions-interface/ios"
  UMReactNativeAdapter:
    :path: "../node_modules/react-native-unimodules/node_modules/@unimodules/react-native-adapter/ios"
  UMSensorsInterface:
    :path: "../node_modules/react-native-unimodules/node_modules/unimodules-sensors-interface/ios"
  UMTaskManagerInterface:
    :path: "../node_modules/react-native-unimodules/node_modules/unimodules-task-manager-interface/ios"
  Yoga:
    :path: "../node_modules/react-native/ReactCommon/yoga"

SPEC CHECKSUMS:
  AppAuth: 31bcec809a638d7bd2f86ea8a52bd45f6e81e7c7
  boost-for-react-native: 39c7adb57c4e60d6c5479dd8623128eb5b3f0f2c
  DoubleConversion: cf9b38bf0b2d048436d9a82ad2abe1404f11e7de
  EXConstants: 2b36f00507f5b21198e8210f40a692d4c8f23e2f
  EXErrorRecovery: cfb65ec51567cf57a00b2720a2367ac009298319
  EXFileSystem: 3f6e97acddad508c73c26e4300d1fbcc3c9886da
  EXFont: 91111ccdce7c739ff51c5fcb484f2dd9a9a4ce45
  EXImageLoader: d653ba133cc8ac2fddca26aa6e9df30020a10c81
  EXKeepAwake: 4502a0ed7b7c5135587004e6d118acf8cea055fc
  EXLinearGradient: 54bec9b1b4940407fc498cab6a0c49c617c8cf54
  EXLocation: 210d39a6e5d793f9721117a11c0b27dc523a3183
  EXPermissions: 694e23c048c816d15feef795f81b5443c6487be5
  EXSplashScreen: 16695b63731feb2d6286b0156a947f111a169e5e
  EXSQLite: 246074ef810a3b5e41c0cf8cde141adccc3b0f6b
  EXUpdates: 060bc885bc697acaf3b0a4606508ce909d91571d
  FBLazyVector: 49cbe4b43e445b06bf29199b6ad2057649e4c8f5
  FBReactNativeSpec: cdeda1fe20f3cbd1be9fed54e12e0e18d5fd6c71
  Firebase: e1e089d9aac215a52442583f818ab61de3c4581b
  FirebaseAuth: 0a1df88dc32569db509e6269c3e4bf2a168e8ae8
  FirebaseCore: 0a43b7f1c5b36f3358cd703011ca4c7e0df55870
  FirebaseCoreDiagnostics: 3d36e05da74cb8b7ce30e6594a8f201b982c725c
  glog: 73c2498ac6884b13ede40eda8228cb1eee9d9d62
  GoogleDataTransport: b006084b73915a42c28a3466961a4edda3065da6
  GoogleSignIn: 7137d297ddc022a7e0aa4619c86d72c909fa7213
  GoogleUtilities: e1d9ed4e544fc32a93e00e721400cbc3f377200d
  GTMAppAuth: 197a8dabfea5d665224aa00d17f164fc2248dab9
  GTMSessionFetcher: b3503b20a988c4e20cc189aa798fd18220133f52
  nanopb: 59221d7f958fb711001e6a449489542d92ae113e
  Plaid: 05d097f9fd0b1dec242a1450f2f746641c3ef613
  PromisesObjC: 3113f7f76903778cf4a0586bd1ab89329a0b7b97
  RCT-Folly: ec7a233ccc97cc556cf7237f0db1ff65b986f27c
  RCTRequired: 2f8cb5b7533219bf4218a045f92768129cf7050a
  RCTTypeSafety: 512728b73549e72ad7330b92f3d42936f2a4de5b
  React: 98eac01574128a790f0bbbafe2d1a8607291ac24
  React-callinvoker: def3f7fae16192df68d9b69fd4bbb59092ee36bc
  React-Core: 70a52aa5dbe9b83befae82038451a7df9fd54c5a
  React-CoreModules: 052edef46117862e2570eb3a0f06d81c61d2c4b8
  React-cxxreact: c1dc71b30653cfb4770efdafcbdc0ad6d388baab
  React-jsi: 74341196d9547cbcbcfa4b3bbbf03af56431d5a1
  React-jsiexecutor: 06a9c77b56902ae7ffcdd7a4905f664adc5d237b
  React-jsinspector: 0ae35a37b20d5e031eb020a69cc5afdbd6406301
  react-native-appearance: fc2014516054585d531e07aa0b40ab0de1d2be85
  react-native-plaid-link-sdk: fa90b642c9485c6486ba9cd65a1e46ead2d419dd
  react-native-safe-area-context: e471852c5ed67eea4b10c5d9d43c1cebae3b231d
  React-perflogger: 9c547d8f06b9bf00cb447f2b75e8d7f19b7e02af
  React-RCTActionSheet: 3080b6e12e0e1a5b313c8c0050699b5c794a1b11
  React-RCTAnimation: 3f96f21a497ae7dabf4d2f150ee43f906aaf516f
  React-RCTBlob: 283b8e5025e7f954176bc48164f846909002f3ed
  React-RCTImage: 5088a484faac78f2d877e1b79125d3bb1ea94a16
  React-RCTLinking: 5e8fbb3e9a8bc2e4e3eb15b1eb8bda5fcac27b8c
  React-RCTNetwork: 38ec277217b1e841d5e6a1fa78da65b9212ccb28
  React-RCTSettings: 242d6e692108c3de4f3bb74b7586a8799e9ab070
  React-RCTText: 8746736ac8eb5a4a74719aa695b7a236a93a83d2
  React-RCTVibration: 0fd6b21751a33cb72fce1a4a33ab9678416d307a
  React-runtimeexecutor: cad74a1eaa53ee6e7a3620231939d8fe2c6afcf0
  ReactCommon: cfe2b7fd20e0dbd2d1185cd7d8f99633fbc5ff05
  RNAppleAuthentication: f4cc93d710f1337f66550d04d84bf47553bc0eae
  RNCMaskedView: f5c7d14d6847b7b44853f7acb6284c1da30a3459
  RNCPushNotificationIOS: 5b1cf9ad2aaa107ecb92d5d2d7005ba521b2b97a
  RNDateTimePicker: 82f17a00494b8c2aabd7a6b12dd3881c78494a31
  RNFBApp: 02bde3edecf2e9694b908a5d3504e03449980f20
  RNFBAuth: 16f2b91bf53f398d83a15cff0dd52225967c1d78
  RNGestureHandler: a479ebd5ed4221a810967000735517df0d2db211
  RNGoogleSignin: ad866d4c4af2651e36801dd3b7771d7715353499
  RNReanimated: e03f7425cb7a38dcf1b644d680d1bfc91c3337ad
  RNScreens: f7ad633b2e0190b77b6a7aab7f914fad6f198d8d
  UMAppLoader: aae896b81e3fcaa6528992e2e19ec8db38c2cedd
  UMBarCodeScannerInterface: 96a01d81ff0c7febbfefc2d7396db9e7462d8c68
  UMCameraInterface: 8ad433fdadca22703ebeb614d42b814092d38d69
  UMConstantsInterface: 55c79ca258a3ede70480fed85e3843899cd47ea3
  UMCore: 0da048c9753abcea0042258e6ad0fed77811f7e1
  UMFaceDetectorInterface: 4db950a25e785796a237bcebb8fff05078c4fb61
  UMFileSystemInterface: 4a92ee36e6c2757833031718f8496690fa931280
  UMFontInterface: 81a951117d03f57aa636fba3992adefd0191f200
  UMImageLoaderInterface: 5cd09b41630dc8aef7619fabc497c01c0f6b715c
  UMPermissionsInterface: 4351145563e703c521fe2299e08227bc3584b94a
  UMReactNativeAdapter: 6f882c5581595613f71f7135a2aa19131458a2bb
  UMSensorsInterface: 50439b47826e716a514cbd7384aebe9ab4fde5f4
  UMTaskManagerInterface: 482155764886069beb1bc7fcf6036f12e4ad0751
  Yoga: 8c8436d4171c87504c648ae23b1d81242bdf3bbf

PODFILE CHECKSUM: 492bbfff6c321499cb8551e1af391dc9927b29ed

COCOAPODS: 1.10.1
