// !$*UTF8*$!
{
	archiveVersion = 1;
	classes = {
	};
	objectVersion = 56;
	objects = {

/* Begin PBXBuildFile section */
		07DA21036E57B3D7D6AA7029 /* ErrorView.swift in Sources */ = {isa = PBXBuildFile; fileRef = 8F1D3788708E3D89EFA4DB78 /* ErrorView.swift */; };
		19C1467C2DB77271DFA17AB8 /* DisconnectedView.swift in Sources */ = {isa = PBXBuildFile; fileRef = 908F257371BEFA1065CE5FF9 /* DisconnectedView.swift */; };
		1DEDA2E6558FAD88952FC9F7 /* Spendable.swift in Sources */ = {isa = PBXBuildFile; fileRef = 0CA92D7D0F7D6C16B4C9B6C8 /* Spendable.swift */; };
		481D8319D33DDE8CE2DBC2EE /* DisconnectedView.swift in Sources */ = {isa = PBXBuildFile; fileRef = 908F257371BEFA1065CE5FF9 /* DisconnectedView.swift */; };
		4CE597AC2BEFEAFD006B9D88 /* GoogleSignIn in Frameworks */ = {isa = PBXBuildFile; productRef = 4CE597AB2BEFEAFD006B9D88 /* GoogleSignIn */; };
		4CE597AE2BEFEAFD006B9D88 /* GoogleSignInSwift in Frameworks */ = {isa = PBXBuildFile; productRef = 4CE597AD2BEFEAFD006B9D88 /* GoogleSignInSwift */; };
		56172EB8F5C44173E5CE5040 /* ContentView.swift in Sources */ = {isa = PBXBuildFile; fileRef = 8EB074450803FFA965F06D19 /* ContentView.swift */; };
		5906C78E27E550A99BF8364E /* ConnectingView.swift in Sources */ = {isa = PBXBuildFile; fileRef = 08BAF88C417C3234EB75E1ED /* ConnectingView.swift */; };
		5A8455B64F63D75836095F6E /* ReconnectingView.swift in Sources */ = {isa = PBXBuildFile; fileRef = F19F503862469152B3692D59 /* ReconnectingView.swift */; };
		7720B9164C3ECD728F0BC230 /* Spendable.swift in Sources */ = {isa = PBXBuildFile; fileRef = 0CA92D7D0F7D6C16B4C9B6C8 /* Spendable.swift */; };
		777ACE089E21D18268C40161 /* ErrorView.swift in Sources */ = {isa = PBXBuildFile; fileRef = 8F1D3788708E3D89EFA4DB78 /* ErrorView.swift */; };
		7D76F7632833C6E780658578 /* Preview Assets.xcassets in Resources */ = {isa = PBXBuildFile; fileRef = 861836223349A54D5C9073E5 /* Preview Assets.xcassets */; };
		89EA58C4F44A80FC78C623D5 /* Preview Assets.xcassets in Resources */ = {isa = PBXBuildFile; fileRef = 861836223349A54D5C9073E5 /* Preview Assets.xcassets */; };
		9224C3050AADB32DDD495816 /* LiveViewNative in Frameworks */ = {isa = PBXBuildFile; productRef = 6F14E2E97582455323D89C8C /* LiveViewNative */; };
		B437F995821481430760C70E /* Assets.xcassets in Resources */ = {isa = PBXBuildFile; fileRef = 7FE76877A5AC7CB403272C56 /* Assets.xcassets */; };
		B8977BC4A42D3B934FEC54E4 /* LiveViewNative in Frameworks */ = {isa = PBXBuildFile; productRef = D806D1C592DD6F2A645529BB /* LiveViewNative */; };
		BAE21FE14466C99DBA1C93CB /* ContentView.swift in Sources */ = {isa = PBXBuildFile; fileRef = 8EB074450803FFA965F06D19 /* ContentView.swift */; };
		C3DB59D42746E9DB252B368A /* Assets.xcassets in Resources */ = {isa = PBXBuildFile; fileRef = 7FE76877A5AC7CB403272C56 /* Assets.xcassets */; };
		E84B9380CF20BB1F9EFF4580 /* ConnectingView.swift in Sources */ = {isa = PBXBuildFile; fileRef = 08BAF88C417C3234EB75E1ED /* ConnectingView.swift */; };
		ED8F2304F4336BC693AD7923 /* ReconnectingView.swift in Sources */ = {isa = PBXBuildFile; fileRef = F19F503862469152B3692D59 /* ReconnectingView.swift */; };
/* End PBXBuildFile section */

/* Begin PBXFileReference section */
		08BAF88C417C3234EB75E1ED /* ConnectingView.swift */ = {isa = PBXFileReference; lastKnownFileType = sourcecode.swift; path = ConnectingView.swift; sourceTree = "<group>"; };
		0CA92D7D0F7D6C16B4C9B6C8 /* Spendable.swift */ = {isa = PBXFileReference; lastKnownFileType = sourcecode.swift; path = Spendable.swift; sourceTree = "<group>"; };
		529EA8B1EF1E3AE2F7CB94C7 /* Spendable.app */ = {isa = PBXFileReference; explicitFileType = wrapper.application; includeInIndex = 0; path = Spendable.app; sourceTree = BUILT_PRODUCTS_DIR; };
		7FE76877A5AC7CB403272C56 /* Assets.xcassets */ = {isa = PBXFileReference; lastKnownFileType = folder.assetcatalog; path = Assets.xcassets; sourceTree = "<group>"; };
		861836223349A54D5C9073E5 /* Preview Assets.xcassets */ = {isa = PBXFileReference; lastKnownFileType = folder.assetcatalog; path = "Preview Assets.xcassets"; sourceTree = "<group>"; };
		8EB074450803FFA965F06D19 /* ContentView.swift */ = {isa = PBXFileReference; lastKnownFileType = sourcecode.swift; path = ContentView.swift; sourceTree = "<group>"; };
		8F1D3788708E3D89EFA4DB78 /* ErrorView.swift */ = {isa = PBXFileReference; lastKnownFileType = sourcecode.swift; path = ErrorView.swift; sourceTree = "<group>"; };
		908F257371BEFA1065CE5FF9 /* DisconnectedView.swift */ = {isa = PBXFileReference; lastKnownFileType = sourcecode.swift; path = DisconnectedView.swift; sourceTree = "<group>"; };
		C144F533A0F9F0C59D44B603 /* Spendable Watch App.app */ = {isa = PBXFileReference; explicitFileType = wrapper.application; includeInIndex = 0; path = "Spendable Watch App.app"; sourceTree = BUILT_PRODUCTS_DIR; };
		F19F503862469152B3692D59 /* ReconnectingView.swift */ = {isa = PBXFileReference; lastKnownFileType = sourcecode.swift; path = ReconnectingView.swift; sourceTree = "<group>"; };
/* End PBXFileReference section */

/* Begin PBXFrameworksBuildPhase section */
		3258AD00C1ECBCC094C93D0D /* Frameworks */ = {
			isa = PBXFrameworksBuildPhase;
			buildActionMask = 2147483647;
			files = (
				9224C3050AADB32DDD495816 /* LiveViewNative in Frameworks */,
			);
			runOnlyForDeploymentPostprocessing = 0;
		};
		B0F66CD985FB1CAA616CB139 /* Frameworks */ = {
			isa = PBXFrameworksBuildPhase;
			buildActionMask = 2147483647;
			files = (
				4CE597AE2BEFEAFD006B9D88 /* GoogleSignInSwift in Frameworks */,
				B8977BC4A42D3B934FEC54E4 /* LiveViewNative in Frameworks */,
				4CE597AC2BEFEAFD006B9D88 /* GoogleSignIn in Frameworks */,
			);
			runOnlyForDeploymentPostprocessing = 0;
		};
/* End PBXFrameworksBuildPhase section */

/* Begin PBXGroup section */
		18916B96B4F236F9D32D3930 /* Spendable */ = {
			isa = PBXGroup;
			children = (
				78AA746125E20200C55917CB /* Preview Content */,
				7FE76877A5AC7CB403272C56 /* Assets.xcassets */,
				08BAF88C417C3234EB75E1ED /* ConnectingView.swift */,
				8EB074450803FFA965F06D19 /* ContentView.swift */,
				908F257371BEFA1065CE5FF9 /* DisconnectedView.swift */,
				8F1D3788708E3D89EFA4DB78 /* ErrorView.swift */,
				F19F503862469152B3692D59 /* ReconnectingView.swift */,
				0CA92D7D0F7D6C16B4C9B6C8 /* Spendable.swift */,
			);
			path = Spendable;
			sourceTree = "<group>";
		};
		22569EBF122393AA5F1023EE /* Products */ = {
			isa = PBXGroup;
			children = (
				C144F533A0F9F0C59D44B603 /* Spendable Watch App.app */,
				529EA8B1EF1E3AE2F7CB94C7 /* Spendable.app */,
			);
			name = Products;
			sourceTree = "<group>";
		};
		78AA746125E20200C55917CB /* Preview Content */ = {
			isa = PBXGroup;
			children = (
				861836223349A54D5C9073E5 /* Preview Assets.xcassets */,
			);
			path = "Preview Content";
			sourceTree = "<group>";
		};
		9F245594EA145D8AE4C706CE = {
			isa = PBXGroup;
			children = (
				18916B96B4F236F9D32D3930 /* Spendable */,
				22569EBF122393AA5F1023EE /* Products */,
			);
			sourceTree = "<group>";
		};
/* End PBXGroup section */

/* Begin PBXNativeTarget section */
		194FE9938840C42A7E16D7AC /* Spendable Watch App */ = {
			isa = PBXNativeTarget;
			buildConfigurationList = 60D45AB33F69E3DBFF8EFEB0 /* Build configuration list for PBXNativeTarget "Spendable Watch App" */;
			buildPhases = (
				8F04718207A1BF385AF4BF21 /* Sources */,
				B331E9435EBFC7FB535F5A72 /* Resources */,
				3258AD00C1ECBCC094C93D0D /* Frameworks */,
			);
			buildRules = (
			);
			dependencies = (
			);
			name = "Spendable Watch App";
			packageProductDependencies = (
				6F14E2E97582455323D89C8C /* LiveViewNative */,
			);
			productName = "Spendable Watch App";
			productReference = C144F533A0F9F0C59D44B603 /* Spendable Watch App.app */;
			productType = "com.apple.product-type.application";
		};
		42204A9E3590779817B44394 /* Spendable */ = {
			isa = PBXNativeTarget;
			buildConfigurationList = 60C1EBA2C5A2DB49A76BDF32 /* Build configuration list for PBXNativeTarget "Spendable" */;
			buildPhases = (
				6B9B1501C18BCC4CB1FF6F23 /* Sources */,
				6C58E3C24E921BF07033FFFD /* Resources */,
				B0F66CD985FB1CAA616CB139 /* Frameworks */,
			);
			buildRules = (
			);
			dependencies = (
			);
			name = Spendable;
			packageProductDependencies = (
				D806D1C592DD6F2A645529BB /* LiveViewNative */,
				4CE597AB2BEFEAFD006B9D88 /* GoogleSignIn */,
				4CE597AD2BEFEAFD006B9D88 /* GoogleSignInSwift */,
			);
			productName = Spendable;
			productReference = 529EA8B1EF1E3AE2F7CB94C7 /* Spendable.app */;
			productType = "com.apple.product-type.application";
		};
/* End PBXNativeTarget section */

/* Begin PBXProject section */
		BB5B7C57F889DC29A3E167D3 /* Project object */ = {
			isa = PBXProject;
			attributes = {
				BuildIndependentTargetsInParallel = YES;
				LastUpgradeCheck = 1430;
			};
			buildConfigurationList = 963C9F8AE26F149C13EA604E /* Build configuration list for PBXProject "Spendable" */;
			compatibilityVersion = "Xcode 14.0";
			developmentRegion = en;
			hasScannedForEncodings = 0;
			knownRegions = (
				Base,
				en,
			);
			mainGroup = 9F245594EA145D8AE4C706CE;
			packageReferences = (
				3A82F5F7AB09614FD13AF2E3 /* XCRemoteSwiftPackageReference "liveview-client-swiftui" */,
				4CE597AA2BEFEAFD006B9D88 /* XCRemoteSwiftPackageReference "GoogleSignIn-iOS" */,
			);
			projectDirPath = "";
			projectRoot = "";
			targets = (
				42204A9E3590779817B44394 /* Spendable */,
				194FE9938840C42A7E16D7AC /* Spendable Watch App */,
			);
		};
/* End PBXProject section */

/* Begin PBXResourcesBuildPhase section */
		6C58E3C24E921BF07033FFFD /* Resources */ = {
			isa = PBXResourcesBuildPhase;
			buildActionMask = 2147483647;
			files = (
				B437F995821481430760C70E /* Assets.xcassets in Resources */,
				89EA58C4F44A80FC78C623D5 /* Preview Assets.xcassets in Resources */,
			);
			runOnlyForDeploymentPostprocessing = 0;
		};
		B331E9435EBFC7FB535F5A72 /* Resources */ = {
			isa = PBXResourcesBuildPhase;
			buildActionMask = 2147483647;
			files = (
				C3DB59D42746E9DB252B368A /* Assets.xcassets in Resources */,
				7D76F7632833C6E780658578 /* Preview Assets.xcassets in Resources */,
			);
			runOnlyForDeploymentPostprocessing = 0;
		};
/* End PBXResourcesBuildPhase section */

/* Begin PBXSourcesBuildPhase section */
		6B9B1501C18BCC4CB1FF6F23 /* Sources */ = {
			isa = PBXSourcesBuildPhase;
			buildActionMask = 2147483647;
			files = (
				5906C78E27E550A99BF8364E /* ConnectingView.swift in Sources */,
				56172EB8F5C44173E5CE5040 /* ContentView.swift in Sources */,
				19C1467C2DB77271DFA17AB8 /* DisconnectedView.swift in Sources */,
				07DA21036E57B3D7D6AA7029 /* ErrorView.swift in Sources */,
				5A8455B64F63D75836095F6E /* ReconnectingView.swift in Sources */,
				1DEDA2E6558FAD88952FC9F7 /* Spendable.swift in Sources */,
			);
			runOnlyForDeploymentPostprocessing = 0;
		};
		8F04718207A1BF385AF4BF21 /* Sources */ = {
			isa = PBXSourcesBuildPhase;
			buildActionMask = 2147483647;
			files = (
				E84B9380CF20BB1F9EFF4580 /* ConnectingView.swift in Sources */,
				BAE21FE14466C99DBA1C93CB /* ContentView.swift in Sources */,
				481D8319D33DDE8CE2DBC2EE /* DisconnectedView.swift in Sources */,
				777ACE089E21D18268C40161 /* ErrorView.swift in Sources */,
				ED8F2304F4336BC693AD7923 /* ReconnectingView.swift in Sources */,
				7720B9164C3ECD728F0BC230 /* Spendable.swift in Sources */,
			);
			runOnlyForDeploymentPostprocessing = 0;
		};
/* End PBXSourcesBuildPhase section */

/* Begin XCBuildConfiguration section */
		0EF960393502EB5C0BE7C1EC /* Release */ = {
			isa = XCBuildConfiguration;
			buildSettings = {
				ASSETCATALOG_COMPILER_APPICON_NAME = AppIcon;
				PRODUCT_BUNDLE_IDENTIFIER = com.example.Spendable.watchkit;
				SDKROOT = watchos;
				SKIP_INSTALL = YES;
				TARGETED_DEVICE_FAMILY = 4;
			};
			name = Release;
		};
		144605D24ACEAE348B1E2204 /* Release */ = {
			isa = XCBuildConfiguration;
			buildSettings = {
				ALWAYS_SEARCH_USER_PATHS = NO;
				ASSETCATALOG_COMPILER_GENERATE_SWIFT_ASSET_SYMBOL_EXTENSIONS = YES;
				CLANG_ANALYZER_NONNULL = YES;
				CLANG_ANALYZER_NUMBER_OBJECT_CONVERSION = YES_AGGRESSIVE;
				CLANG_CXX_LANGUAGE_STANDARD = "gnu++14";
				CLANG_CXX_LIBRARY = "libc++";
				CLANG_ENABLE_MODULES = YES;
				CLANG_ENABLE_OBJC_ARC = YES;
				CLANG_ENABLE_OBJC_WEAK = YES;
				CLANG_WARN_BLOCK_CAPTURE_AUTORELEASING = YES;
				CLANG_WARN_BOOL_CONVERSION = YES;
				CLANG_WARN_COMMA = YES;
				CLANG_WARN_CONSTANT_CONVERSION = YES;
				CLANG_WARN_DEPRECATED_OBJC_IMPLEMENTATIONS = YES;
				CLANG_WARN_DIRECT_OBJC_ISA_USAGE = YES_ERROR;
				CLANG_WARN_DOCUMENTATION_COMMENTS = YES;
				CLANG_WARN_EMPTY_BODY = YES;
				CLANG_WARN_ENUM_CONVERSION = YES;
				CLANG_WARN_INFINITE_RECURSION = YES;
				CLANG_WARN_INT_CONVERSION = YES;
				CLANG_WARN_NON_LITERAL_NULL_CONVERSION = YES;
				CLANG_WARN_OBJC_IMPLICIT_RETAIN_SELF = YES;
				CLANG_WARN_OBJC_LITERAL_CONVERSION = YES;
				CLANG_WARN_OBJC_ROOT_CLASS = YES_ERROR;
				CLANG_WARN_QUOTED_INCLUDE_IN_FRAMEWORK_HEADER = YES;
				CLANG_WARN_RANGE_LOOP_ANALYSIS = YES;
				CLANG_WARN_STRICT_PROTOTYPES = YES;
				CLANG_WARN_SUSPICIOUS_MOVE = YES;
				CLANG_WARN_UNGUARDED_AVAILABILITY = YES_AGGRESSIVE;
				CLANG_WARN_UNREACHABLE_CODE = YES;
				CLANG_WARN__DUPLICATE_METHOD_MATCH = YES;
				COPY_PHASE_STRIP = NO;
				CURRENT_PROJECT_VERSION = 1.0;
				DEAD_CODE_STRIPPING = YES;
				DEBUG_INFORMATION_FORMAT = "dwarf-with-dsym";
				ENABLE_NS_ASSERTIONS = NO;
				ENABLE_STRICT_OBJC_MSGSEND = YES;
				ENABLE_USER_SCRIPT_SANDBOXING = YES;
				GCC_C_LANGUAGE_STANDARD = gnu11;
				GCC_NO_COMMON_BLOCKS = YES;
				GCC_WARN_64_TO_32_BIT_CONVERSION = YES;
				GCC_WARN_ABOUT_RETURN_TYPE = YES_ERROR;
				GCC_WARN_UNDECLARED_SELECTOR = YES;
				GCC_WARN_UNINITIALIZED_AUTOS = YES_AGGRESSIVE;
				GCC_WARN_UNUSED_FUNCTION = YES;
				GCC_WARN_UNUSED_VARIABLE = YES;
				GENERATE_INFOPLIST_FILE = YES;
				INFOPLIST_KEY_CFBundleDisplayName = Spendable;
				INFOPLIST_KEY_UILaunchScreen_Generation = YES;
				INFOPLIST_KEY_WKCompanionAppBundleIdentifier = com.example.Spendable;
				INFOPLIST_KEY_WKRunsIndependentlyOfCompanionApp = YES;
				IPHONEOS_DEPLOYMENT_TARGET = 16.0;
				MACOSX_DEPLOYMENT_TARGET = 13.0;
				MARKETING_VERSION = 1.0;
				MTL_ENABLE_DEBUG_INFO = NO;
				MTL_FAST_MATH = YES;
				PRODUCT_NAME = "$(TARGET_NAME)";
				SWIFT_COMPILATION_MODE = wholemodule;
				SWIFT_OPTIMIZATION_LEVEL = "-O";
				SWIFT_VERSION = 5.0;
				TVOS_DEPLOYMENT_TARGET = 16.0;
				WATCHOS_DEPLOYMENT_TARGET = 9.0;
			};
			name = Release;
		};
		1E9860D48123427993D957CF /* Debug */ = {
			isa = XCBuildConfiguration;
			buildSettings = {
				ASSETCATALOG_COMPILER_APPICON_NAME = AppIcon;
				CODE_SIGN_IDENTITY = "iPhone Developer";
				DEVELOPMENT_TEAM = A4TA99R8XM;
				INFOPLIST_KEY_CFBundleDisplayName = Spendable;
				INFOPLIST_KEY_UILaunchScreen_Generation = YES;
				INFOPLIST_KEY_WKCompanionAppBundleIdentifier = com.example.Spendable;
				INFOPLIST_KEY_WKRunsIndependentlyOfCompanionApp = YES;
				LD_RUNPATH_SEARCH_PATHS = (
					"$(inherited)",
					"@executable_path/Frameworks",
				);
				PRODUCT_BUNDLE_IDENTIFIER = fiftysevenmedia.Spendable;
				SDKROOT = auto;
				SUPPORTED_PLATFORMS = "iphoneos iphonesimulator appletvos appletvsimulator macosx";
				SUPPORTS_MACCATALYST = NO;
				SUPPORTS_MAC_DESIGNED_FOR_IPHONE_IPAD = NO;
				SUPPORTS_XR_DESIGNED_FOR_IPHONE_IPAD = YES;
				TARGETED_DEVICE_FAMILY = "1,2,3";
			};
			name = Debug;
		};
		4232410EE110D5A10342757C /* Release */ = {
			isa = XCBuildConfiguration;
			buildSettings = {
				ASSETCATALOG_COMPILER_APPICON_NAME = AppIcon;
				CODE_SIGN_IDENTITY = "iPhone Developer";
				DEVELOPMENT_TEAM = A4TA99R8XM;
				INFOPLIST_KEY_CFBundleDisplayName = Spendable;
				INFOPLIST_KEY_UILaunchScreen_Generation = YES;
				INFOPLIST_KEY_WKCompanionAppBundleIdentifier = com.example.Spendable;
				INFOPLIST_KEY_WKRunsIndependentlyOfCompanionApp = YES;
				LD_RUNPATH_SEARCH_PATHS = (
					"$(inherited)",
					"@executable_path/Frameworks",
				);
				PRODUCT_BUNDLE_IDENTIFIER = fiftysevenmedia.Spendable;
				SDKROOT = auto;
				SUPPORTED_PLATFORMS = "iphoneos iphonesimulator appletvos appletvsimulator macosx";
				SUPPORTS_MACCATALYST = NO;
				SUPPORTS_MAC_DESIGNED_FOR_IPHONE_IPAD = NO;
				SUPPORTS_XR_DESIGNED_FOR_IPHONE_IPAD = YES;
				TARGETED_DEVICE_FAMILY = "1,2,3";
			};
			name = Release;
		};
		74DDA17474E6B3824E00B24C /* Debug */ = {
			isa = XCBuildConfiguration;
			buildSettings = {
				ASSETCATALOG_COMPILER_APPICON_NAME = AppIcon;
				PRODUCT_BUNDLE_IDENTIFIER = com.example.Spendable.watchkit;
				SDKROOT = watchos;
				SKIP_INSTALL = YES;
				TARGETED_DEVICE_FAMILY = 4;
			};
			name = Debug;
		};
		DC827C836E45770787BBBC3E /* Debug */ = {
			isa = XCBuildConfiguration;
			buildSettings = {
				ALWAYS_SEARCH_USER_PATHS = NO;
				ASSETCATALOG_COMPILER_GENERATE_SWIFT_ASSET_SYMBOL_EXTENSIONS = YES;
				CLANG_ANALYZER_NONNULL = YES;
				CLANG_ANALYZER_NUMBER_OBJECT_CONVERSION = YES_AGGRESSIVE;
				CLANG_CXX_LANGUAGE_STANDARD = "gnu++14";
				CLANG_CXX_LIBRARY = "libc++";
				CLANG_ENABLE_MODULES = YES;
				CLANG_ENABLE_OBJC_ARC = YES;
				CLANG_ENABLE_OBJC_WEAK = YES;
				CLANG_WARN_BLOCK_CAPTURE_AUTORELEASING = YES;
				CLANG_WARN_BOOL_CONVERSION = YES;
				CLANG_WARN_COMMA = YES;
				CLANG_WARN_CONSTANT_CONVERSION = YES;
				CLANG_WARN_DEPRECATED_OBJC_IMPLEMENTATIONS = YES;
				CLANG_WARN_DIRECT_OBJC_ISA_USAGE = YES_ERROR;
				CLANG_WARN_DOCUMENTATION_COMMENTS = YES;
				CLANG_WARN_EMPTY_BODY = YES;
				CLANG_WARN_ENUM_CONVERSION = YES;
				CLANG_WARN_INFINITE_RECURSION = YES;
				CLANG_WARN_INT_CONVERSION = YES;
				CLANG_WARN_NON_LITERAL_NULL_CONVERSION = YES;
				CLANG_WARN_OBJC_IMPLICIT_RETAIN_SELF = YES;
				CLANG_WARN_OBJC_LITERAL_CONVERSION = YES;
				CLANG_WARN_OBJC_ROOT_CLASS = YES_ERROR;
				CLANG_WARN_QUOTED_INCLUDE_IN_FRAMEWORK_HEADER = YES;
				CLANG_WARN_RANGE_LOOP_ANALYSIS = YES;
				CLANG_WARN_STRICT_PROTOTYPES = YES;
				CLANG_WARN_SUSPICIOUS_MOVE = YES;
				CLANG_WARN_UNGUARDED_AVAILABILITY = YES_AGGRESSIVE;
				CLANG_WARN_UNREACHABLE_CODE = YES;
				CLANG_WARN__DUPLICATE_METHOD_MATCH = YES;
				COPY_PHASE_STRIP = NO;
				CURRENT_PROJECT_VERSION = 1.0;
				DEAD_CODE_STRIPPING = YES;
				DEBUG_INFORMATION_FORMAT = dwarf;
				ENABLE_STRICT_OBJC_MSGSEND = YES;
				ENABLE_TESTABILITY = YES;
				ENABLE_USER_SCRIPT_SANDBOXING = YES;
				GCC_C_LANGUAGE_STANDARD = gnu11;
				GCC_DYNAMIC_NO_PIC = NO;
				GCC_NO_COMMON_BLOCKS = YES;
				GCC_OPTIMIZATION_LEVEL = 0;
				GCC_PREPROCESSOR_DEFINITIONS = (
					"$(inherited)",
					"DEBUG=1",
				);
				GCC_WARN_64_TO_32_BIT_CONVERSION = YES;
				GCC_WARN_ABOUT_RETURN_TYPE = YES_ERROR;
				GCC_WARN_UNDECLARED_SELECTOR = YES;
				GCC_WARN_UNINITIALIZED_AUTOS = YES_AGGRESSIVE;
				GCC_WARN_UNUSED_FUNCTION = YES;
				GCC_WARN_UNUSED_VARIABLE = YES;
				GENERATE_INFOPLIST_FILE = YES;
				INFOPLIST_KEY_CFBundleDisplayName = Spendable;
				INFOPLIST_KEY_UILaunchScreen_Generation = YES;
				INFOPLIST_KEY_WKCompanionAppBundleIdentifier = com.example.Spendable;
				INFOPLIST_KEY_WKRunsIndependentlyOfCompanionApp = YES;
				IPHONEOS_DEPLOYMENT_TARGET = 16.0;
				MACOSX_DEPLOYMENT_TARGET = 13.0;
				MARKETING_VERSION = 1.0;
				MTL_ENABLE_DEBUG_INFO = INCLUDE_SOURCE;
				MTL_FAST_MATH = YES;
				ONLY_ACTIVE_ARCH = YES;
				PRODUCT_NAME = "$(TARGET_NAME)";
				SWIFT_ACTIVE_COMPILATION_CONDITIONS = DEBUG;
				SWIFT_OPTIMIZATION_LEVEL = "-Onone";
				SWIFT_VERSION = 5.0;
				TVOS_DEPLOYMENT_TARGET = 16.0;
				WATCHOS_DEPLOYMENT_TARGET = 9.0;
			};
			name = Debug;
		};
/* End XCBuildConfiguration section */

/* Begin XCConfigurationList section */
		60C1EBA2C5A2DB49A76BDF32 /* Build configuration list for PBXNativeTarget "Spendable" */ = {
			isa = XCConfigurationList;
			buildConfigurations = (
				1E9860D48123427993D957CF /* Debug */,
				4232410EE110D5A10342757C /* Release */,
			);
			defaultConfigurationIsVisible = 0;
			defaultConfigurationName = Debug;
		};
		60D45AB33F69E3DBFF8EFEB0 /* Build configuration list for PBXNativeTarget "Spendable Watch App" */ = {
			isa = XCConfigurationList;
			buildConfigurations = (
				74DDA17474E6B3824E00B24C /* Debug */,
				0EF960393502EB5C0BE7C1EC /* Release */,
			);
			defaultConfigurationIsVisible = 0;
			defaultConfigurationName = Debug;
		};
		963C9F8AE26F149C13EA604E /* Build configuration list for PBXProject "Spendable" */ = {
			isa = XCConfigurationList;
			buildConfigurations = (
				DC827C836E45770787BBBC3E /* Debug */,
				144605D24ACEAE348B1E2204 /* Release */,
			);
			defaultConfigurationIsVisible = 0;
			defaultConfigurationName = Debug;
		};
/* End XCConfigurationList section */

/* Begin XCRemoteSwiftPackageReference section */
		3A82F5F7AB09614FD13AF2E3 /* XCRemoteSwiftPackageReference "liveview-client-swiftui" */ = {
			isa = XCRemoteSwiftPackageReference;
			repositoryURL = "https://github.com/liveview-native/liveview-client-swiftui";
			requirement = {
				kind = upToNextMajorVersion;
				minimumVersion = "0.3.0-rc.1";
			};
		};
		4CE597AA2BEFEAFD006B9D88 /* XCRemoteSwiftPackageReference "GoogleSignIn-iOS" */ = {
			isa = XCRemoteSwiftPackageReference;
			repositoryURL = "https://github.com/google/GoogleSignIn-iOS";
			requirement = {
				kind = upToNextMajorVersion;
				minimumVersion = 7.1.0;
			};
		};
/* End XCRemoteSwiftPackageReference section */

/* Begin XCSwiftPackageProductDependency section */
		4CE597AB2BEFEAFD006B9D88 /* GoogleSignIn */ = {
			isa = XCSwiftPackageProductDependency;
			package = 4CE597AA2BEFEAFD006B9D88 /* XCRemoteSwiftPackageReference "GoogleSignIn-iOS" */;
			productName = GoogleSignIn;
		};
		4CE597AD2BEFEAFD006B9D88 /* GoogleSignInSwift */ = {
			isa = XCSwiftPackageProductDependency;
			package = 4CE597AA2BEFEAFD006B9D88 /* XCRemoteSwiftPackageReference "GoogleSignIn-iOS" */;
			productName = GoogleSignInSwift;
		};
		6F14E2E97582455323D89C8C /* LiveViewNative */ = {
			isa = XCSwiftPackageProductDependency;
			package = 3A82F5F7AB09614FD13AF2E3 /* XCRemoteSwiftPackageReference "liveview-client-swiftui" */;
			productName = LiveViewNative;
		};
		D806D1C592DD6F2A645529BB /* LiveViewNative */ = {
			isa = XCSwiftPackageProductDependency;
			package = 3A82F5F7AB09614FD13AF2E3 /* XCRemoteSwiftPackageReference "liveview-client-swiftui" */;
			productName = LiveViewNative;
		};
/* End XCSwiftPackageProductDependency section */
	};
	rootObject = BB5B7C57F889DC29A3E167D3 /* Project object */;
}
